// !$*UTF8*$!
{
	archiveVersion = 1;
	classes = {
	};
	objectVersion = 55;
	objects = {

/* Begin PBXBuildFile section */
		4701904327FB527F00488534 /* SavedListsTests.swift in Sources */ = {isa = PBXBuildFile; fileRef = 4701904227FB527F00488534 /* SavedListsTests.swift */; };
		4701904627FC182500488534 /* Algorithms in Frameworks */ = {isa = PBXBuildFile; productRef = 4701904527FC182500488534 /* Algorithms */; };
		470A76B428003C2D00328EB2 /* SideBar.swift in Sources */ = {isa = PBXBuildFile; fileRef = 470A76B328003C2D00328EB2 /* SideBar.swift */; };
		470A76B628003D4300328EB2 /* SidebarViewModel.swift in Sources */ = {isa = PBXBuildFile; fileRef = 470A76B528003D4300328EB2 /* SidebarViewModel.swift */; };
		470A76B828003F8A00328EB2 /* HomeView.swift in Sources */ = {isa = PBXBuildFile; fileRef = 470A76B728003F8A00328EB2 /* HomeView.swift */; };
		470A76BA28003FC100328EB2 /* HomeViewModel.swift in Sources */ = {isa = PBXBuildFile; fileRef = 470A76B928003FC100328EB2 /* HomeViewModel.swift */; };
		470C391127F60694009C1967 /* BetterShoppingListApp.swift in Sources */ = {isa = PBXBuildFile; fileRef = 470C391027F60694009C1967 /* BetterShoppingListApp.swift */; };
		470C391327F60694009C1967 /* ContentView.swift in Sources */ = {isa = PBXBuildFile; fileRef = 470C391227F60694009C1967 /* ContentView.swift */; };
		470C391527F60695009C1967 /* Assets.xcassets in Resources */ = {isa = PBXBuildFile; fileRef = 470C391427F60695009C1967 /* Assets.xcassets */; };
		470C391827F60695009C1967 /* Preview Assets.xcassets in Resources */ = {isa = PBXBuildFile; fileRef = 470C391727F60695009C1967 /* Preview Assets.xcassets */; };
		470C391A27F60695009C1967 /* Persistence.swift in Sources */ = {isa = PBXBuildFile; fileRef = 470C391927F60695009C1967 /* Persistence.swift */; };
		470C392727F60695009C1967 /* CompareTests.swift in Sources */ = {isa = PBXBuildFile; fileRef = 470C392627F60695009C1967 /* CompareTests.swift */; };
		470C393127F60695009C1967 /* HomeScreenUITests.swift in Sources */ = {isa = PBXBuildFile; fileRef = 470C393027F60695009C1967 /* HomeScreenUITests.swift */; };
		470C393327F60695009C1967 /* BetterShoppingListUITestsLaunchTests.swift in Sources */ = {isa = PBXBuildFile; fileRef = 470C393227F60695009C1967 /* BetterShoppingListUITestsLaunchTests.swift */; };
		470C394327F607D1009C1967 /* Model.xcdatamodeld in Sources */ = {isa = PBXBuildFile; fileRef = 470C394127F607D1009C1967 /* Model.xcdatamodeld */; };
		470D066827FE2B00002A5EBA /* Localizable.strings in Resources */ = {isa = PBXBuildFile; fileRef = 470D066627FE2B00002A5EBA /* Localizable.strings */; };
		471BE63D28118FE300A4CF42 /* Model+utils.swift in Sources */ = {isa = PBXBuildFile; fileRef = 471BE63C28118FE300A4CF42 /* Model+utils.swift */; };
		471BE63F28119D0500A4CF42 /* AppUtils.swift in Sources */ = {isa = PBXBuildFile; fileRef = 471BE63E28119D0500A4CF42 /* AppUtils.swift */; };
		471BE6412811B23F00A4CF42 /* MarketMapUITests.swift in Sources */ = {isa = PBXBuildFile; fileRef = 471BE6402811B23F00A4CF42 /* MarketMapUITests.swift */; };
		471BE6432811B4D900A4CF42 /* SidebarUITests.swift in Sources */ = {isa = PBXBuildFile; fileRef = 471BE6422811B4D900A4CF42 /* SidebarUITests.swift */; };
		4737B8D72806D0B5009B9E98 /* ProductOfferViewModel.swift in Sources */ = {isa = PBXBuildFile; fileRef = 4737B8D62806D0B5009B9E98 /* ProductOfferViewModel.swift */; };
		4737B8DB2806DC91009B9E98 /* MarketsMapView.swift in Sources */ = {isa = PBXBuildFile; fileRef = 4737B8DA2806DC91009B9E98 /* MarketsMapView.swift */; };
		474FB90527F9ED4100BCC79B /* ProductOfferList.swift in Sources */ = {isa = PBXBuildFile; fileRef = 474FB90427F9ED4100BCC79B /* ProductOfferList.swift */; };
		477EC55E27F8D89000A589FD /* CurrentListTests.swift in Sources */ = {isa = PBXBuildFile; fileRef = 477EC55D27F8D89000A589FD /* CurrentListTests.swift */; };
		477EC56227F99B1100A589FD /* SearchSuggestionsView.swift in Sources */ = {isa = PBXBuildFile; fileRef = 477EC56127F99B1100A589FD /* SearchSuggestionsView.swift */; };
		477EC56627F9D26600A589FD /* SearchResultsUITests.swift in Sources */ = {isa = PBXBuildFile; fileRef = 477EC56527F9D26600A589FD /* SearchResultsUITests.swift */; };
		477EC56D27F9E70100A589FD /* ProductOfferView.swift in Sources */ = {isa = PBXBuildFile; fileRef = 477EC56C27F9E70100A589FD /* ProductOfferView.swift */; };
		477F77DD27F8A505006F5902 /* SplashView.swift in Sources */ = {isa = PBXBuildFile; fileRef = 477F77DC27F8A505006F5902 /* SplashView.swift */; };
		477F77E027F8A84A006F5902 /* ShoppingListButtonView.swift in Sources */ = {isa = PBXBuildFile; fileRef = 477F77DF27F8A849006F5902 /* ShoppingListButtonView.swift */; };
		477F77E227F8AAED006F5902 /* EmptyCurrentListView.swift in Sources */ = {isa = PBXBuildFile; fileRef = 477F77E127F8AAED006F5902 /* EmptyCurrentListView.swift */; };
		477F77E427F8B1E8006F5902 /* Arrow.swift in Sources */ = {isa = PBXBuildFile; fileRef = 477F77E327F8B1E8006F5902 /* Arrow.swift */; };
		478C142A27FE0EAF007FF217 /* ShoppingListView.swift in Sources */ = {isa = PBXBuildFile; fileRef = 478C142927FE0EAF007FF217 /* ShoppingListView.swift */; };
		478C142C27FE1CD6007FF217 /* MarketLabelView.swift in Sources */ = {isa = PBXBuildFile; fileRef = 478C142B27FE1CD6007FF217 /* MarketLabelView.swift */; };
		47941FE127FF74C200F0D5AF /* ListDetailView.swift in Sources */ = {isa = PBXBuildFile; fileRef = 47941FE027FF74C200F0D5AF /* ListDetailView.swift */; };
		47941FE327FF757900F0D5AF /* ChosenProductView.swift in Sources */ = {isa = PBXBuildFile; fileRef = 47941FE227FF757900F0D5AF /* ChosenProductView.swift */; };
		47941FE727FF7A5100F0D5AF /* ChosenProductViewModel.swift in Sources */ = {isa = PBXBuildFile; fileRef = 47941FE627FF7A5100F0D5AF /* ChosenProductViewModel.swift */; };
		47941FEC27FF8E0D00F0D5AF /* CurrentListMarketView.swift in Sources */ = {isa = PBXBuildFile; fileRef = 47941FEB27FF8E0D00F0D5AF /* CurrentListMarketView.swift */; };
		479554162806E21700BD23F3 /* LocationManager.swift in Sources */ = {isa = PBXBuildFile; fileRef = 479554152806E21700BD23F3 /* LocationManager.swift */; };
		479554182806E39400BD23F3 /* MarketMapViewModel.swift in Sources */ = {isa = PBXBuildFile; fileRef = 479554172806E39400BD23F3 /* MarketMapViewModel.swift */; };
		4795541A28070C0500BD23F3 /* MarketSearchManager.swift in Sources */ = {isa = PBXBuildFile; fileRef = 4795541928070C0500BD23F3 /* MarketSearchManager.swift */; };
		4795541C2807344000BD23F3 /* Market+usermarkets.swift in Sources */ = {isa = PBXBuildFile; fileRef = 4795541B2807344000BD23F3 /* Market+usermarkets.swift */; };
		4795542028073DAA00BD23F3 /* MarketRowView.swift in Sources */ = {isa = PBXBuildFile; fileRef = 4795541F28073DAA00BD23F3 /* MarketRowView.swift */; };
		47A0D70528008285008C2663 /* .swiftlint.yml in Resources */ = {isa = PBXBuildFile; fileRef = 47A0D70428008285008C2663 /* .swiftlint.yml */; };
		47A0D7072800850C008C2663 /* ShoppingList+Earned.swift in Sources */ = {isa = PBXBuildFile; fileRef = 47A0D7062800850C008C2663 /* ShoppingList+Earned.swift */; };
		47A55AE727FF198F00F29A60 /* CurrentListViewUITests.swift in Sources */ = {isa = PBXBuildFile; fileRef = 47A55AE627FF198F00F29A60 /* CurrentListViewUITests.swift */; };
		47AFE35527F6355C003264D8 /* schema.ckdb in Resources */ = {isa = PBXBuildFile; fileRef = 47AFE35427F6355C003264D8 /* schema.ckdb */; };
		47AFE35F27F77A4B003264D8 /* FixtureLoader.swift in Sources */ = {isa = PBXBuildFile; fileRef = 47AFE35627F758B6003264D8 /* FixtureLoader.swift */; };
		47BC1E3127F60DFE00293AE9 /* CloudKit.framework in Frameworks */ = {isa = PBXBuildFile; fileRef = 47BC1E3027F60DFE00293AE9 /* CloudKit.framework */; };
		47C57DF227FB446D00A86D5A /* Collections in Frameworks */ = {isa = PBXBuildFile; productRef = 47C57DF127FB446D00A86D5A /* Collections */; };
		47C57DF427FB446D00A86D5A /* OrderedCollections in Frameworks */ = {isa = PBXBuildFile; productRef = 47C57DF327FB446D00A86D5A /* OrderedCollections */; };
		47CC13F227FC366800839DA5 /* ShoppingAssitantTests.swift in Sources */ = {isa = PBXBuildFile; fileRef = 47CC13F127FC366800839DA5 /* ShoppingAssitantTests.swift */; };
		47CC13F427FCB33200839DA5 /* ProductOffersTests.swift in Sources */ = {isa = PBXBuildFile; fileRef = 47CC13F327FCB33200839DA5 /* ProductOffersTests.swift */; };
		47CC13F927FCD7D200839DA5 /* ChosenProduct+grouping.swift in Sources */ = {isa = PBXBuildFile; fileRef = 47CC13F827FCD7D200839DA5 /* ChosenProduct+grouping.swift */; };
		47F831B627FB4E6400A02CE7 /* ShoppingAssistant.swift in Sources */ = {isa = PBXBuildFile; fileRef = 47F831B527FB4E6400A02CE7 /* ShoppingAssistant.swift */; };
		47F831B827FB4F8200A02CE7 /* PersistenceAdapter.swift in Sources */ = {isa = PBXBuildFile; fileRef = 47F831B727FB4F8200A02CE7 /* PersistenceAdapter.swift */; };
		47FCCA822807691400D84107 /* SearchingResultsView.swift in Sources */ = {isa = PBXBuildFile; fileRef = 47FCCA812807691400D84107 /* SearchingResultsView.swift */; };
		47FCCA862807751700D84107 /* ProductImageView.swift in Sources */ = {isa = PBXBuildFile; fileRef = 47FCCA852807751700D84107 /* ProductImageView.swift */; };
		47FCCA88280DEAEA00D84107 /* ChosenProductViewModelTests.swift in Sources */ = {isa = PBXBuildFile; fileRef = 47FCCA87280DEAEA00D84107 /* ChosenProductViewModelTests.swift */; };
		47FCCA8A280DEB4C00D84107 /* DummyPersistenceAdapter.swift in Sources */ = {isa = PBXBuildFile; fileRef = 47FCCA89280DEB4C00D84107 /* DummyPersistenceAdapter.swift */; };
		47FCCA8C280DEDD500D84107 /* ProductOfferViewModelTests.swift in Sources */ = {isa = PBXBuildFile; fileRef = 47FCCA8B280DEDD500D84107 /* ProductOfferViewModelTests.swift */; };
/* End PBXBuildFile section */

/* Begin PBXContainerItemProxy section */
		470C392327F60695009C1967 /* PBXContainerItemProxy */ = {
			isa = PBXContainerItemProxy;
			containerPortal = 470C390527F60694009C1967 /* Project object */;
			proxyType = 1;
			remoteGlobalIDString = 470C390C27F60694009C1967;
			remoteInfo = BetterShoppingList;
		};
		470C392D27F60695009C1967 /* PBXContainerItemProxy */ = {
			isa = PBXContainerItemProxy;
			containerPortal = 470C390527F60694009C1967 /* Project object */;
			proxyType = 1;
			remoteGlobalIDString = 470C390C27F60694009C1967;
			remoteInfo = BetterShoppingList;
		};
/* End PBXContainerItemProxy section */

/* Begin PBXFileReference section */
		4701904227FB527F00488534 /* SavedListsTests.swift */ = {isa = PBXFileReference; lastKnownFileType = sourcecode.swift; path = SavedListsTests.swift; sourceTree = "<group>"; };
		470A76B328003C2D00328EB2 /* SideBar.swift */ = {isa = PBXFileReference; lastKnownFileType = sourcecode.swift; path = SideBar.swift; sourceTree = "<group>"; };
		470A76B528003D4300328EB2 /* SidebarViewModel.swift */ = {isa = PBXFileReference; lastKnownFileType = sourcecode.swift; path = SidebarViewModel.swift; sourceTree = "<group>"; };
		470A76B728003F8A00328EB2 /* HomeView.swift */ = {isa = PBXFileReference; lastKnownFileType = sourcecode.swift; path = HomeView.swift; sourceTree = "<group>"; };
		470A76B928003FC100328EB2 /* HomeViewModel.swift */ = {isa = PBXFileReference; lastKnownFileType = sourcecode.swift; path = HomeViewModel.swift; sourceTree = "<group>"; };
		470C390D27F60694009C1967 /* BetterShoppingList.app */ = {isa = PBXFileReference; explicitFileType = wrapper.application; includeInIndex = 0; path = BetterShoppingList.app; sourceTree = BUILT_PRODUCTS_DIR; };
		470C391027F60694009C1967 /* BetterShoppingListApp.swift */ = {isa = PBXFileReference; lastKnownFileType = sourcecode.swift; path = BetterShoppingListApp.swift; sourceTree = "<group>"; };
		470C391227F60694009C1967 /* ContentView.swift */ = {isa = PBXFileReference; lastKnownFileType = sourcecode.swift; path = ContentView.swift; sourceTree = "<group>"; };
		470C391427F60695009C1967 /* Assets.xcassets */ = {isa = PBXFileReference; lastKnownFileType = folder.assetcatalog; path = Assets.xcassets; sourceTree = "<group>"; };
		470C391727F60695009C1967 /* Preview Assets.xcassets */ = {isa = PBXFileReference; lastKnownFileType = folder.assetcatalog; path = "Preview Assets.xcassets"; sourceTree = "<group>"; };
		470C391927F60695009C1967 /* Persistence.swift */ = {isa = PBXFileReference; lastKnownFileType = sourcecode.swift; path = Persistence.swift; sourceTree = "<group>"; };
		470C392227F60695009C1967 /* BetterShoppingListTests.xctest */ = {isa = PBXFileReference; explicitFileType = wrapper.cfbundle; includeInIndex = 0; path = BetterShoppingListTests.xctest; sourceTree = BUILT_PRODUCTS_DIR; };
		470C392627F60695009C1967 /* CompareTests.swift */ = {isa = PBXFileReference; lastKnownFileType = sourcecode.swift; path = CompareTests.swift; sourceTree = "<group>"; };
		470C392C27F60695009C1967 /* BetterShoppingListUITests.xctest */ = {isa = PBXFileReference; explicitFileType = wrapper.cfbundle; includeInIndex = 0; path = BetterShoppingListUITests.xctest; sourceTree = BUILT_PRODUCTS_DIR; };
		470C393027F60695009C1967 /* HomeScreenUITests.swift */ = {isa = PBXFileReference; lastKnownFileType = sourcecode.swift; path = HomeScreenUITests.swift; sourceTree = "<group>"; };
		470C393227F60695009C1967 /* BetterShoppingListUITestsLaunchTests.swift */ = {isa = PBXFileReference; lastKnownFileType = sourcecode.swift; path = BetterShoppingListUITestsLaunchTests.swift; sourceTree = "<group>"; };
		470C394227F607D1009C1967 /* Model.xcdatamodel */ = {isa = PBXFileReference; lastKnownFileType = wrapper.xcdatamodel; path = Model.xcdatamodel; sourceTree = "<group>"; };
		470D066727FE2B00002A5EBA /* ca */ = {isa = PBXFileReference; lastKnownFileType = text.plist.strings; name = ca; path = ca.lproj/Localizable.strings; sourceTree = "<group>"; };
		470D066927FE2B0C002A5EBA /* es */ = {isa = PBXFileReference; lastKnownFileType = text.plist.strings; name = es; path = es.lproj/Localizable.strings; sourceTree = "<group>"; };
		470D066A27FE302C002A5EBA /* en */ = {isa = PBXFileReference; lastKnownFileType = text.plist.strings; name = en; path = en.lproj/Localizable.strings; sourceTree = "<group>"; };
		471BE63C28118FE300A4CF42 /* Model+utils.swift */ = {isa = PBXFileReference; lastKnownFileType = sourcecode.swift; path = "Model+utils.swift"; sourceTree = "<group>"; };
		471BE63E28119D0500A4CF42 /* AppUtils.swift */ = {isa = PBXFileReference; lastKnownFileType = sourcecode.swift; path = AppUtils.swift; sourceTree = "<group>"; };
		471BE6402811B23F00A4CF42 /* MarketMapUITests.swift */ = {isa = PBXFileReference; lastKnownFileType = sourcecode.swift; path = MarketMapUITests.swift; sourceTree = "<group>"; };
		471BE6422811B4D900A4CF42 /* SidebarUITests.swift */ = {isa = PBXFileReference; lastKnownFileType = sourcecode.swift; path = SidebarUITests.swift; sourceTree = "<group>"; };
		4737B8D62806D0B5009B9E98 /* ProductOfferViewModel.swift */ = {isa = PBXFileReference; lastKnownFileType = sourcecode.swift; path = ProductOfferViewModel.swift; sourceTree = "<group>"; };
		4737B8DA2806DC91009B9E98 /* MarketsMapView.swift */ = {isa = PBXFileReference; lastKnownFileType = sourcecode.swift; path = MarketsMapView.swift; sourceTree = "<group>"; };
		474FB90427F9ED4100BCC79B /* ProductOfferList.swift */ = {isa = PBXFileReference; lastKnownFileType = sourcecode.swift; path = ProductOfferList.swift; sourceTree = "<group>"; };
		477EC55D27F8D89000A589FD /* CurrentListTests.swift */ = {isa = PBXFileReference; fileEncoding = 4; lastKnownFileType = sourcecode.swift; path = CurrentListTests.swift; sourceTree = "<group>"; };
		477EC56127F99B1100A589FD /* SearchSuggestionsView.swift */ = {isa = PBXFileReference; fileEncoding = 4; lastKnownFileType = sourcecode.swift; path = SearchSuggestionsView.swift; sourceTree = "<group>"; };
		477EC56527F9D26600A589FD /* SearchResultsUITests.swift */ = {isa = PBXFileReference; lastKnownFileType = sourcecode.swift; path = SearchResultsUITests.swift; sourceTree = "<group>"; };
		477EC56C27F9E70100A589FD /* ProductOfferView.swift */ = {isa = PBXFileReference; lastKnownFileType = sourcecode.swift; path = ProductOfferView.swift; sourceTree = "<group>"; };
		477F77DC27F8A505006F5902 /* SplashView.swift */ = {isa = PBXFileReference; fileEncoding = 4; lastKnownFileType = sourcecode.swift; name = SplashView.swift; path = BetterShoppingList/Views/SplashView.swift; sourceTree = SOURCE_ROOT; };
		477F77DF27F8A849006F5902 /* ShoppingListButtonView.swift */ = {isa = PBXFileReference; lastKnownFileType = sourcecode.swift; path = ShoppingListButtonView.swift; sourceTree = "<group>"; };
		477F77E127F8AAED006F5902 /* EmptyCurrentListView.swift */ = {isa = PBXFileReference; lastKnownFileType = sourcecode.swift; path = EmptyCurrentListView.swift; sourceTree = "<group>"; };
		477F77E327F8B1E8006F5902 /* Arrow.swift */ = {isa = PBXFileReference; lastKnownFileType = sourcecode.swift; path = Arrow.swift; sourceTree = "<group>"; };
		478C142927FE0EAF007FF217 /* ShoppingListView.swift */ = {isa = PBXFileReference; lastKnownFileType = sourcecode.swift; path = ShoppingListView.swift; sourceTree = "<group>"; };
		478C142B27FE1CD6007FF217 /* MarketLabelView.swift */ = {isa = PBXFileReference; lastKnownFileType = sourcecode.swift; path = MarketLabelView.swift; sourceTree = "<group>"; };
		47941FE027FF74C200F0D5AF /* ListDetailView.swift */ = {isa = PBXFileReference; lastKnownFileType = sourcecode.swift; path = ListDetailView.swift; sourceTree = "<group>"; };
		47941FE227FF757900F0D5AF /* ChosenProductView.swift */ = {isa = PBXFileReference; lastKnownFileType = sourcecode.swift; path = ChosenProductView.swift; sourceTree = "<group>"; };
		47941FE627FF7A5100F0D5AF /* ChosenProductViewModel.swift */ = {isa = PBXFileReference; lastKnownFileType = sourcecode.swift; path = ChosenProductViewModel.swift; sourceTree = "<group>"; };
		47941FE927FF8DE000F0D5AF /* CurrentListMarketListView.swift */ = {isa = PBXFileReference; lastKnownFileType = sourcecode.swift; path = CurrentListMarketListView.swift; sourceTree = "<group>"; };
		47941FEB27FF8E0D00F0D5AF /* CurrentListMarketView.swift */ = {isa = PBXFileReference; lastKnownFileType = sourcecode.swift; path = CurrentListMarketView.swift; sourceTree = "<group>"; };
		479554152806E21700BD23F3 /* LocationManager.swift */ = {isa = PBXFileReference; lastKnownFileType = sourcecode.swift; path = LocationManager.swift; sourceTree = "<group>"; };
		479554172806E39400BD23F3 /* MarketMapViewModel.swift */ = {isa = PBXFileReference; lastKnownFileType = sourcecode.swift; path = MarketMapViewModel.swift; sourceTree = "<group>"; };
		4795541928070C0500BD23F3 /* MarketSearchManager.swift */ = {isa = PBXFileReference; lastKnownFileType = sourcecode.swift; path = MarketSearchManager.swift; sourceTree = "<group>"; };
		4795541B2807344000BD23F3 /* Market+usermarkets.swift */ = {isa = PBXFileReference; lastKnownFileType = sourcecode.swift; path = "Market+usermarkets.swift"; sourceTree = "<group>"; };
		4795541F28073DAA00BD23F3 /* MarketRowView.swift */ = {isa = PBXFileReference; lastKnownFileType = sourcecode.swift; path = MarketRowView.swift; sourceTree = "<group>"; };
		47A0D70428008285008C2663 /* .swiftlint.yml */ = {isa = PBXFileReference; lastKnownFileType = text.yaml; path = .swiftlint.yml; sourceTree = "<group>"; };
		47A0D7062800850C008C2663 /* ShoppingList+Earned.swift */ = {isa = PBXFileReference; lastKnownFileType = sourcecode.swift; path = "ShoppingList+Earned.swift"; sourceTree = "<group>"; };
		47A55AE627FF198F00F29A60 /* CurrentListViewUITests.swift */ = {isa = PBXFileReference; lastKnownFileType = sourcecode.swift; path = CurrentListViewUITests.swift; sourceTree = "<group>"; };
		47AFE35427F6355C003264D8 /* schema.ckdb */ = {isa = PBXFileReference; fileEncoding = 4; lastKnownFileType = text; path = schema.ckdb; sourceTree = "<group>"; };
		47AFE35627F758B6003264D8 /* FixtureLoader.swift */ = {isa = PBXFileReference; lastKnownFileType = sourcecode.swift; path = FixtureLoader.swift; sourceTree = "<group>"; };
		47BC1E2E27F60DF600293AE9 /* BetterShoppingList.entitlements */ = {isa = PBXFileReference; lastKnownFileType = text.plist.entitlements; path = BetterShoppingList.entitlements; sourceTree = "<group>"; };
		47BC1E3027F60DFE00293AE9 /* CloudKit.framework */ = {isa = PBXFileReference; lastKnownFileType = wrapper.framework; name = CloudKit.framework; path = System/Library/Frameworks/CloudKit.framework; sourceTree = SDKROOT; };
		47BC1E3227F60E2500293AE9 /* Info.plist */ = {isa = PBXFileReference; lastKnownFileType = text.plist; path = Info.plist; sourceTree = "<group>"; };
		47CC13F127FC366800839DA5 /* ShoppingAssitantTests.swift */ = {isa = PBXFileReference; lastKnownFileType = sourcecode.swift; path = ShoppingAssitantTests.swift; sourceTree = "<group>"; };
		47CC13F327FCB33200839DA5 /* ProductOffersTests.swift */ = {isa = PBXFileReference; lastKnownFileType = sourcecode.swift; path = ProductOffersTests.swift; sourceTree = "<group>"; };
		47CC13F827FCD7D200839DA5 /* ChosenProduct+grouping.swift */ = {isa = PBXFileReference; lastKnownFileType = sourcecode.swift; path = "ChosenProduct+grouping.swift"; sourceTree = "<group>"; };
		47F831B527FB4E6400A02CE7 /* ShoppingAssistant.swift */ = {isa = PBXFileReference; lastKnownFileType = sourcecode.swift; path = ShoppingAssistant.swift; sourceTree = "<group>"; };
		47F831B727FB4F8200A02CE7 /* PersistenceAdapter.swift */ = {isa = PBXFileReference; lastKnownFileType = sourcecode.swift; path = PersistenceAdapter.swift; sourceTree = "<group>"; };
		47FCCA812807691400D84107 /* SearchingResultsView.swift */ = {isa = PBXFileReference; fileEncoding = 4; lastKnownFileType = sourcecode.swift; path = SearchingResultsView.swift; sourceTree = "<group>"; };
		47FCCA852807751700D84107 /* ProductImageView.swift */ = {isa = PBXFileReference; lastKnownFileType = sourcecode.swift; path = ProductImageView.swift; sourceTree = "<group>"; };
		47FCCA87280DEAEA00D84107 /* ChosenProductViewModelTests.swift */ = {isa = PBXFileReference; lastKnownFileType = sourcecode.swift; path = ChosenProductViewModelTests.swift; sourceTree = "<group>"; };
		47FCCA89280DEB4C00D84107 /* DummyPersistenceAdapter.swift */ = {isa = PBXFileReference; lastKnownFileType = sourcecode.swift; path = DummyPersistenceAdapter.swift; sourceTree = "<group>"; };
		47FCCA8B280DEDD500D84107 /* ProductOfferViewModelTests.swift */ = {isa = PBXFileReference; lastKnownFileType = sourcecode.swift; path = ProductOfferViewModelTests.swift; sourceTree = "<group>"; };
/* End PBXFileReference section */

/* Begin PBXFrameworksBuildPhase section */
		470C390A27F60694009C1967 /* Frameworks */ = {
			isa = PBXFrameworksBuildPhase;
			buildActionMask = 2147483647;
			files = (
				4701904627FC182500488534 /* Algorithms in Frameworks */,
				47C57DF227FB446D00A86D5A /* Collections in Frameworks */,
				47BC1E3127F60DFE00293AE9 /* CloudKit.framework in Frameworks */,
				47C57DF427FB446D00A86D5A /* OrderedCollections in Frameworks */,
			);
			runOnlyForDeploymentPostprocessing = 0;
		};
		470C391F27F60695009C1967 /* Frameworks */ = {
			isa = PBXFrameworksBuildPhase;
			buildActionMask = 2147483647;
			files = (
			);
			runOnlyForDeploymentPostprocessing = 0;
		};
		470C392927F60695009C1967 /* Frameworks */ = {
			isa = PBXFrameworksBuildPhase;
			buildActionMask = 2147483647;
			files = (
			);
			runOnlyForDeploymentPostprocessing = 0;
		};
/* End PBXFrameworksBuildPhase section */

/* Begin PBXGroup section */
		470C390427F60694009C1967 = {
			isa = PBXGroup;
			children = (
				47A0D70428008285008C2663 /* .swiftlint.yml */,
				47AFE35C27F77954003264D8 /* Test Fixtures */,
				470C390F27F60694009C1967 /* BetterShoppingList */,
				470C392527F60695009C1967 /* BetterShoppingListTests */,
				470C392F27F60695009C1967 /* BetterShoppingListUITests */,
				470C390E27F60694009C1967 /* Products */,
				47BC1E2F27F60DFE00293AE9 /* Frameworks */,
			);
			sourceTree = "<group>";
		};
		470C390E27F60694009C1967 /* Products */ = {
			isa = PBXGroup;
			children = (
				470C390D27F60694009C1967 /* BetterShoppingList.app */,
				470C392227F60695009C1967 /* BetterShoppingListTests.xctest */,
				470C392C27F60695009C1967 /* BetterShoppingListUITests.xctest */,
			);
			name = Products;
			sourceTree = "<group>";
		};
		470C390F27F60694009C1967 /* BetterShoppingList */ = {
			isa = PBXGroup;
			children = (
				470C391427F60695009C1967 /* Assets.xcassets */,
				47BC1E2E27F60DF600293AE9 /* BetterShoppingList.entitlements */,
				470C391027F60694009C1967 /* BetterShoppingListApp.swift */,
				47941FE627FF7A5100F0D5AF /* ChosenProductViewModel.swift */,
				470A76B928003FC100328EB2 /* HomeViewModel.swift */,
				47BC1E3227F60E2500293AE9 /* Info.plist */,
				470D066627FE2B00002A5EBA /* Localizable.strings */,
				47CC13F727FCD77B00839DA5 /* Model */,
				470C394127F607D1009C1967 /* Model.xcdatamodeld */,
				47AFE35B27F766D9003264D8 /* Persistence */,
				470C391627F60695009C1967 /* Preview Content */,
				4737B8D62806D0B5009B9E98 /* ProductOfferViewModel.swift */,
				470A76B528003D4300328EB2 /* SidebarViewModel.swift */,
				477F77DE27F8A514006F5902 /* Views */,
			);
			path = BetterShoppingList;
			sourceTree = "<group>";
		};
		470C391627F60695009C1967 /* Preview Content */ = {
			isa = PBXGroup;
			children = (
				470C391727F60695009C1967 /* Preview Assets.xcassets */,
			);
			path = "Preview Content";
			sourceTree = "<group>";
		};
		470C392527F60695009C1967 /* BetterShoppingListTests */ = {
			isa = PBXGroup;
			children = (
				47AFE35427F6355C003264D8 /* schema.ckdb */,
				47AFE35627F758B6003264D8 /* FixtureLoader.swift */,
				477EC55D27F8D89000A589FD /* CurrentListTests.swift */,
				470C392627F60695009C1967 /* CompareTests.swift */,
				4701904227FB527F00488534 /* SavedListsTests.swift */,
				47CC13F127FC366800839DA5 /* ShoppingAssitantTests.swift */,
				47CC13F327FCB33200839DA5 /* ProductOffersTests.swift */,
				47FCCA87280DEAEA00D84107 /* ChosenProductViewModelTests.swift */,
				47FCCA89280DEB4C00D84107 /* DummyPersistenceAdapter.swift */,
				47FCCA8B280DEDD500D84107 /* ProductOfferViewModelTests.swift */,
			);
			path = BetterShoppingListTests;
			sourceTree = "<group>";
		};
		470C392F27F60695009C1967 /* BetterShoppingListUITests */ = {
			isa = PBXGroup;
			children = (
				470C393027F60695009C1967 /* HomeScreenUITests.swift */,
				470C393227F60695009C1967 /* BetterShoppingListUITestsLaunchTests.swift */,
				477EC56527F9D26600A589FD /* SearchResultsUITests.swift */,
				47A55AE627FF198F00F29A60 /* CurrentListViewUITests.swift */,
				471BE63E28119D0500A4CF42 /* AppUtils.swift */,
				471BE6402811B23F00A4CF42 /* MarketMapUITests.swift */,
				471BE6422811B4D900A4CF42 /* SidebarUITests.swift */,
			);
			path = BetterShoppingListUITests;
			sourceTree = "<group>";
		};
		4737B8D82806DBDF009B9E98 /* Search */ = {
			isa = PBXGroup;
			children = (
				47FCCA812807691400D84107 /* SearchingResultsView.swift */,
				477EC56127F99B1100A589FD /* SearchSuggestionsView.swift */,
				477EC56C27F9E70100A589FD /* ProductOfferView.swift */,
			);
			path = Search;
			sourceTree = "<group>";
		};
		4737B8D92806DC72009B9E98 /* Markets */ = {
			isa = PBXGroup;
			children = (
				4737B8DA2806DC91009B9E98 /* MarketsMapView.swift */,
				479554172806E39400BD23F3 /* MarketMapViewModel.swift */,
				4795541F28073DAA00BD23F3 /* MarketRowView.swift */,
			);
			path = Markets;
			sourceTree = "<group>";
		};
		477F77DE27F8A514006F5902 /* Views */ = {
			isa = PBXGroup;
			children = (
				4737B8D92806DC72009B9E98 /* Markets */,
				477F77E327F8B1E8006F5902 /* Arrow.swift */,
				470C391227F60694009C1967 /* ContentView.swift */,
				47941FE827FF8DC100F0D5AF /* Shopping List */,
				477F77E127F8AAED006F5902 /* EmptyCurrentListView.swift */,
				470A76B728003F8A00328EB2 /* HomeView.swift */,
				478C142B27FE1CD6007FF217 /* MarketLabelView.swift */,
				4737B8D82806DBDF009B9E98 /* Search */,
				470A76B328003C2D00328EB2 /* SideBar.swift */,
				477F77DC27F8A505006F5902 /* SplashView.swift */,
				47FCCA852807751700D84107 /* ProductImageView.swift */,
			);
			path = Views;
			sourceTree = "<group>";
		};
		47941FE827FF8DC100F0D5AF /* Shopping List */ = {
			isa = PBXGroup;
			children = (
				477F77DF27F8A849006F5902 /* ShoppingListButtonView.swift */,
				478C142927FE0EAF007FF217 /* ShoppingListView.swift */,
				47941FE027FF74C200F0D5AF /* ListDetailView.swift */,
				47941FE227FF757900F0D5AF /* ChosenProductView.swift */,
				47941FE927FF8DE000F0D5AF /* CurrentListMarketListView.swift */,
				47941FEB27FF8E0D00F0D5AF /* CurrentListMarketView.swift */,
			);
			path = "Shopping List";
			sourceTree = "<group>";
		};
		47AFE35B27F766D9003264D8 /* Persistence */ = {
			isa = PBXGroup;
			children = (
				470C391927F60695009C1967 /* Persistence.swift */,
				47F831B727FB4F8200A02CE7 /* PersistenceAdapter.swift */,
			);
			path = Persistence;
			sourceTree = "<group>";
		};
		47AFE35C27F77954003264D8 /* Test Fixtures */ = {
			isa = PBXGroup;
			children = (
			);
			path = "Test Fixtures";
			sourceTree = "<group>";
		};
		47BC1E2F27F60DFE00293AE9 /* Frameworks */ = {
			isa = PBXGroup;
			children = (
				47BC1E3027F60DFE00293AE9 /* CloudKit.framework */,
			);
			name = Frameworks;
			sourceTree = "<group>";
		};
		47CC13F727FCD77B00839DA5 /* Model */ = {
			isa = PBXGroup;
			children = (
				474FB90427F9ED4100BCC79B /* ProductOfferList.swift */,
				47F831B527FB4E6400A02CE7 /* ShoppingAssistant.swift */,
				47CC13F827FCD7D200839DA5 /* ChosenProduct+grouping.swift */,
				47A0D7062800850C008C2663 /* ShoppingList+Earned.swift */,
				479554152806E21700BD23F3 /* LocationManager.swift */,
				4795541928070C0500BD23F3 /* MarketSearchManager.swift */,
				4795541B2807344000BD23F3 /* Market+usermarkets.swift */,
				471BE63C28118FE300A4CF42 /* Model+utils.swift */,
			);
			path = Model;
			sourceTree = "<group>";
		};
/* End PBXGroup section */

/* Begin PBXNativeTarget section */
		470C390C27F60694009C1967 /* BetterShoppingList */ = {
			isa = PBXNativeTarget;
			buildConfigurationList = 470C393627F60695009C1967 /* Build configuration list for PBXNativeTarget "BetterShoppingList" */;
			buildPhases = (
				470C390927F60694009C1967 /* Sources */,
				470C390A27F60694009C1967 /* Frameworks */,
				470C390B27F60694009C1967 /* Resources */,
				470C393F27F606D7009C1967 /* ShellScript */,
			);
			buildRules = (
			);
			dependencies = (
			);
			name = BetterShoppingList;
			packageProductDependencies = (
				47C57DF127FB446D00A86D5A /* Collections */,
				47C57DF327FB446D00A86D5A /* OrderedCollections */,
				4701904527FC182500488534 /* Algorithms */,
			);
			productName = BetterShoppingList;
			productReference = 470C390D27F60694009C1967 /* BetterShoppingList.app */;
			productType = "com.apple.product-type.application";
		};
		470C392127F60695009C1967 /* BetterShoppingListTests */ = {
			isa = PBXNativeTarget;
			buildConfigurationList = 470C393927F60695009C1967 /* Build configuration list for PBXNativeTarget "BetterShoppingListTests" */;
			buildPhases = (
				470C391E27F60695009C1967 /* Sources */,
				470C391F27F60695009C1967 /* Frameworks */,
				470C392027F60695009C1967 /* Resources */,
				470C394027F606E2009C1967 /* ShellScript */,
			);
			buildRules = (
			);
			dependencies = (
				470C392427F60695009C1967 /* PBXTargetDependency */,
			);
			name = BetterShoppingListTests;
			productName = BetterShoppingListTests;
			productReference = 470C392227F60695009C1967 /* BetterShoppingListTests.xctest */;
			productType = "com.apple.product-type.bundle.unit-test";
		};
		470C392B27F60695009C1967 /* BetterShoppingListUITests */ = {
			isa = PBXNativeTarget;
			buildConfigurationList = 470C393C27F60695009C1967 /* Build configuration list for PBXNativeTarget "BetterShoppingListUITests" */;
			buildPhases = (
				470C392827F60695009C1967 /* Sources */,
				470C392927F60695009C1967 /* Frameworks */,
				470C392A27F60695009C1967 /* Resources */,
			);
			buildRules = (
			);
			dependencies = (
				470C392E27F60695009C1967 /* PBXTargetDependency */,
			);
			name = BetterShoppingListUITests;
			productName = BetterShoppingListUITests;
			productReference = 470C392C27F60695009C1967 /* BetterShoppingListUITests.xctest */;
			productType = "com.apple.product-type.bundle.ui-testing";
		};
/* End PBXNativeTarget section */

/* Begin PBXProject section */
		470C390527F60694009C1967 /* Project object */ = {
			isa = PBXProject;
			attributes = {
				BuildIndependentTargetsInParallel = 1;
				LastSwiftUpdateCheck = 1320;
				LastUpgradeCheck = 1320;
				TargetAttributes = {
					470C390C27F60694009C1967 = {
						CreatedOnToolsVersion = 13.2.1;
					};
					470C392127F60695009C1967 = {
						CreatedOnToolsVersion = 13.2.1;
						TestTargetID = 470C390C27F60694009C1967;
					};
					470C392B27F60695009C1967 = {
						CreatedOnToolsVersion = 13.2.1;
						TestTargetID = 470C390C27F60694009C1967;
					};
				};
			};
			buildConfigurationList = 470C390827F60694009C1967 /* Build configuration list for PBXProject "BetterShoppingList" */;
			compatibilityVersion = "Xcode 13.0";
			developmentRegion = en;
			hasScannedForEncodings = 0;
			knownRegions = (
				en,
				Base,
				ca,
				es,
			);
			mainGroup = 470C390427F60694009C1967;
			packageReferences = (
				47C57DF027FB446D00A86D5A /* XCRemoteSwiftPackageReference "swift-collections" */,
				4701904427FC182500488534 /* XCRemoteSwiftPackageReference "swift-algorithms" */,
			);
			productRefGroup = 470C390E27F60694009C1967 /* Products */;
			projectDirPath = "";
			projectRoot = "";
			targets = (
				470C390C27F60694009C1967 /* BetterShoppingList */,
				470C392127F60695009C1967 /* BetterShoppingListTests */,
				470C392B27F60695009C1967 /* BetterShoppingListUITests */,
			);
		};
/* End PBXProject section */

/* Begin PBXResourcesBuildPhase section */
		470C390B27F60694009C1967 /* Resources */ = {
			isa = PBXResourcesBuildPhase;
			buildActionMask = 2147483647;
			files = (
				47A0D70528008285008C2663 /* .swiftlint.yml in Resources */,
				470C391827F60695009C1967 /* Preview Assets.xcassets in Resources */,
				470D066827FE2B00002A5EBA /* Localizable.strings in Resources */,
				470C391527F60695009C1967 /* Assets.xcassets in Resources */,
			);
			runOnlyForDeploymentPostprocessing = 0;
		};
		470C392027F60695009C1967 /* Resources */ = {
			isa = PBXResourcesBuildPhase;
			buildActionMask = 2147483647;
			files = (
				47AFE35527F6355C003264D8 /* schema.ckdb in Resources */,
			);
			runOnlyForDeploymentPostprocessing = 0;
		};
		470C392A27F60695009C1967 /* Resources */ = {
			isa = PBXResourcesBuildPhase;
			buildActionMask = 2147483647;
			files = (
			);
			runOnlyForDeploymentPostprocessing = 0;
		};
/* End PBXResourcesBuildPhase section */

/* Begin PBXShellScriptBuildPhase section */
		470C393F27F606D7009C1967 /* ShellScript */ = {
			isa = PBXShellScriptBuildPhase;
			buildActionMask = 2147483647;
			files = (
			);
			inputFileListPaths = (
			);
			inputPaths = (
			);
			outputFileListPaths = (
			);
			outputPaths = (
			);
			runOnlyForDeploymentPostprocessing = 0;
			shellPath = /bin/sh;
			shellScript = "export PATH=\"$PATH:/opt/homebrew/bin\"\nif which swiftlint > /dev/null; then\n  swiftlint\nelse\n  echo \"warning: SwiftLint not installed, download from https://github.com/realm/SwiftLint\"\nfi\n";
		};
		470C394027F606E2009C1967 /* ShellScript */ = {
			isa = PBXShellScriptBuildPhase;
			buildActionMask = 2147483647;
			files = (
			);
			inputFileListPaths = (
			);
			inputPaths = (
			);
			outputFileListPaths = (
			);
			outputPaths = (
			);
			runOnlyForDeploymentPostprocessing = 0;
			shellPath = /bin/sh;
			shellScript = "export PATH=\"$PATH:/opt/homebrew/bin\"\nif which swiftlint > /dev/null; then\n  swiftlint\nelse\n  echo \"warning: SwiftLint not installed, download from https://github.com/realm/SwiftLint\"\nfi\n";
		};
/* End PBXShellScriptBuildPhase section */

/* Begin PBXSourcesBuildPhase section */
		470C390927F60694009C1967 /* Sources */ = {
			isa = PBXSourcesBuildPhase;
			buildActionMask = 2147483647;
			files = (
				4795541C2807344000BD23F3 /* Market+usermarkets.swift in Sources */,
				47A0D7072800850C008C2663 /* ShoppingList+Earned.swift in Sources */,
				47FCCA862807751700D84107 /* ProductImageView.swift in Sources */,
				470A76B828003F8A00328EB2 /* HomeView.swift in Sources */,
				479554162806E21700BD23F3 /* LocationManager.swift in Sources */,
				477F77E027F8A84A006F5902 /* ShoppingListButtonView.swift in Sources */,
				47941FE327FF757900F0D5AF /* ChosenProductView.swift in Sources */,
				477F77DD27F8A505006F5902 /* SplashView.swift in Sources */,
				47941FE727FF7A5100F0D5AF /* ChosenProductViewModel.swift in Sources */,
				47F831B627FB4E6400A02CE7 /* ShoppingAssistant.swift in Sources */,
				477EC56227F99B1100A589FD /* SearchSuggestionsView.swift in Sources */,
				4795541A28070C0500BD23F3 /* MarketSearchManager.swift in Sources */,
				470C391A27F60695009C1967 /* Persistence.swift in Sources */,
				471BE63D28118FE300A4CF42 /* Model+utils.swift in Sources */,
				470C394327F607D1009C1967 /* Model.xcdatamodeld in Sources */,
				477EC56D27F9E70100A589FD /* ProductOfferView.swift in Sources */,
				47941FEA27FF8DE000F0D5AF /* CurrentListMarketListView.swift in Sources */,
				47941FEC27FF8E0D00F0D5AF /* CurrentListMarketView.swift in Sources */,
				47FCCA822807691400D84107 /* SearchingResultsView.swift in Sources */,
				479554182806E39400BD23F3 /* MarketMapViewModel.swift in Sources */,
				47F831B827FB4F8200A02CE7 /* PersistenceAdapter.swift in Sources */,
				470C391327F60694009C1967 /* ContentView.swift in Sources */,
				477F77E227F8AAED006F5902 /* EmptyCurrentListView.swift in Sources */,
				478C142A27FE0EAF007FF217 /* ShoppingListView.swift in Sources */,
				470C391127F60694009C1967 /* BetterShoppingListApp.swift in Sources */,
				4737B8D72806D0B5009B9E98 /* ProductOfferViewModel.swift in Sources */,
				478C142C27FE1CD6007FF217 /* MarketLabelView.swift in Sources */,
				4737B8DB2806DC91009B9E98 /* MarketsMapView.swift in Sources */,
				477F77E427F8B1E8006F5902 /* Arrow.swift in Sources */,
				470A76B428003C2D00328EB2 /* SideBar.swift in Sources */,
				474FB90527F9ED4100BCC79B /* ProductOfferList.swift in Sources */,
				470A76BA28003FC100328EB2 /* HomeViewModel.swift in Sources */,
				47941FE127FF74C200F0D5AF /* ListDetailView.swift in Sources */,
				4795542028073DAA00BD23F3 /* MarketRowView.swift in Sources */,
				47CC13F927FCD7D200839DA5 /* ChosenProduct+grouping.swift in Sources */,
				470A76B628003D4300328EB2 /* SidebarViewModel.swift in Sources */,
			);
			runOnlyForDeploymentPostprocessing = 0;
		};
		470C391E27F60695009C1967 /* Sources */ = {
			isa = PBXSourcesBuildPhase;
			buildActionMask = 2147483647;
			files = (
				47AFE35F27F77A4B003264D8 /* FixtureLoader.swift in Sources */,
				47FCCA8C280DEDD500D84107 /* ProductOfferViewModelTests.swift in Sources */,
				47FCCA88280DEAEA00D84107 /* ChosenProductViewModelTests.swift in Sources */,
				47FCCA8A280DEB4C00D84107 /* DummyPersistenceAdapter.swift in Sources */,
				4701904327FB527F00488534 /* SavedListsTests.swift in Sources */,
				47CC13F227FC366800839DA5 /* ShoppingAssitantTests.swift in Sources */,
				470C392727F60695009C1967 /* CompareTests.swift in Sources */,
				47CC13F427FCB33200839DA5 /* ProductOffersTests.swift in Sources */,
				477EC55E27F8D89000A589FD /* CurrentListTests.swift in Sources */,
			);
			runOnlyForDeploymentPostprocessing = 0;
		};
		470C392827F60695009C1967 /* Sources */ = {
			isa = PBXSourcesBuildPhase;
			buildActionMask = 2147483647;
			files = (
				471BE63F28119D0500A4CF42 /* AppUtils.swift in Sources */,
				477EC56627F9D26600A589FD /* SearchResultsUITests.swift in Sources */,
				470C393327F60695009C1967 /* BetterShoppingListUITestsLaunchTests.swift in Sources */,
				47A55AE727FF198F00F29A60 /* CurrentListViewUITests.swift in Sources */,
				471BE6412811B23F00A4CF42 /* MarketMapUITests.swift in Sources */,
				470C393127F60695009C1967 /* HomeScreenUITests.swift in Sources */,
				471BE6432811B4D900A4CF42 /* SidebarUITests.swift in Sources */,
			);
			runOnlyForDeploymentPostprocessing = 0;
		};
/* End PBXSourcesBuildPhase section */

/* Begin PBXTargetDependency section */
		470C392427F60695009C1967 /* PBXTargetDependency */ = {
			isa = PBXTargetDependency;
			target = 470C390C27F60694009C1967 /* BetterShoppingList */;
			targetProxy = 470C392327F60695009C1967 /* PBXContainerItemProxy */;
		};
		470C392E27F60695009C1967 /* PBXTargetDependency */ = {
			isa = PBXTargetDependency;
			target = 470C390C27F60694009C1967 /* BetterShoppingList */;
			targetProxy = 470C392D27F60695009C1967 /* PBXContainerItemProxy */;
		};
/* End PBXTargetDependency section */

/* Begin PBXVariantGroup section */
		470D066627FE2B00002A5EBA /* Localizable.strings */ = {
			isa = PBXVariantGroup;
			children = (
				470D066727FE2B00002A5EBA /* ca */,
				470D066927FE2B0C002A5EBA /* es */,
				470D066A27FE302C002A5EBA /* en */,
			);
			name = Localizable.strings;
			sourceTree = "<group>";
		};
/* End PBXVariantGroup section */

/* Begin XCBuildConfiguration section */
		470C393427F60695009C1967 /* Debug */ = {
			isa = XCBuildConfiguration;
			buildSettings = {
				ALWAYS_SEARCH_USER_PATHS = NO;
				CLANG_ANALYZER_LOCALIZABILITY_NONLOCALIZED = YES;
				CLANG_ANALYZER_NONNULL = YES;
				CLANG_ANALYZER_NUMBER_OBJECT_CONVERSION = YES_AGGRESSIVE;
				CLANG_CXX_LANGUAGE_STANDARD = "gnu++17";
				CLANG_CXX_LIBRARY = "libc++";
				CLANG_ENABLE_MODULES = YES;
				CLANG_ENABLE_OBJC_ARC = YES;
				CLANG_ENABLE_OBJC_WEAK = YES;
				CLANG_WARN_BLOCK_CAPTURE_AUTORELEASING = YES;
				CLANG_WARN_BOOL_CONVERSION = YES;
				CLANG_WARN_COMMA = YES;
				CLANG_WARN_CONSTANT_CONVERSION = YES;
				CLANG_WARN_DEPRECATED_OBJC_IMPLEMENTATIONS = YES;
				CLANG_WARN_DIRECT_OBJC_ISA_USAGE = YES_ERROR;
				CLANG_WARN_DOCUMENTATION_COMMENTS = YES;
				CLANG_WARN_EMPTY_BODY = YES;
				CLANG_WARN_ENUM_CONVERSION = YES;
				CLANG_WARN_INFINITE_RECURSION = YES;
				CLANG_WARN_INT_CONVERSION = YES;
				CLANG_WARN_NON_LITERAL_NULL_CONVERSION = YES;
				CLANG_WARN_OBJC_IMPLICIT_RETAIN_SELF = YES;
				CLANG_WARN_OBJC_LITERAL_CONVERSION = YES;
				CLANG_WARN_OBJC_ROOT_CLASS = YES_ERROR;
				CLANG_WARN_QUOTED_INCLUDE_IN_FRAMEWORK_HEADER = YES;
				CLANG_WARN_RANGE_LOOP_ANALYSIS = YES;
				CLANG_WARN_STRICT_PROTOTYPES = YES;
				CLANG_WARN_SUSPICIOUS_MOVE = YES;
				CLANG_WARN_UNGUARDED_AVAILABILITY = YES_AGGRESSIVE;
				CLANG_WARN_UNREACHABLE_CODE = YES;
				CLANG_WARN__DUPLICATE_METHOD_MATCH = YES;
				COPY_PHASE_STRIP = NO;
				DEBUG_INFORMATION_FORMAT = dwarf;
				ENABLE_STRICT_OBJC_MSGSEND = YES;
				ENABLE_TESTABILITY = YES;
				GCC_C_LANGUAGE_STANDARD = gnu11;
				GCC_DYNAMIC_NO_PIC = NO;
				GCC_NO_COMMON_BLOCKS = YES;
				GCC_OPTIMIZATION_LEVEL = 0;
				GCC_PREPROCESSOR_DEFINITIONS = (
					"DEBUG=1",
					"$(inherited)",
				);
				GCC_WARN_64_TO_32_BIT_CONVERSION = YES;
				GCC_WARN_ABOUT_RETURN_TYPE = YES_ERROR;
				GCC_WARN_UNDECLARED_SELECTOR = YES;
				GCC_WARN_UNINITIALIZED_AUTOS = YES_AGGRESSIVE;
				GCC_WARN_UNUSED_FUNCTION = YES;
				GCC_WARN_UNUSED_VARIABLE = YES;
				IPHONEOS_DEPLOYMENT_TARGET = 15.2;
				MTL_ENABLE_DEBUG_INFO = INCLUDE_SOURCE;
				MTL_FAST_MATH = YES;
				ONLY_ACTIVE_ARCH = YES;
				SDKROOT = iphoneos;
				SWIFT_ACTIVE_COMPILATION_CONDITIONS = DEBUG;
				SWIFT_EMIT_LOC_STRINGS = YES;
				SWIFT_OPTIMIZATION_LEVEL = "-Onone";
			};
			name = Debug;
		};
		470C393527F60695009C1967 /* Release */ = {
			isa = XCBuildConfiguration;
			buildSettings = {
				ALWAYS_SEARCH_USER_PATHS = NO;
				CLANG_ANALYZER_LOCALIZABILITY_NONLOCALIZED = YES;
				CLANG_ANALYZER_NONNULL = YES;
				CLANG_ANALYZER_NUMBER_OBJECT_CONVERSION = YES_AGGRESSIVE;
				CLANG_CXX_LANGUAGE_STANDARD = "gnu++17";
				CLANG_CXX_LIBRARY = "libc++";
				CLANG_ENABLE_MODULES = YES;
				CLANG_ENABLE_OBJC_ARC = YES;
				CLANG_ENABLE_OBJC_WEAK = YES;
				CLANG_WARN_BLOCK_CAPTURE_AUTORELEASING = YES;
				CLANG_WARN_BOOL_CONVERSION = YES;
				CLANG_WARN_COMMA = YES;
				CLANG_WARN_CONSTANT_CONVERSION = YES;
				CLANG_WARN_DEPRECATED_OBJC_IMPLEMENTATIONS = YES;
				CLANG_WARN_DIRECT_OBJC_ISA_USAGE = YES_ERROR;
				CLANG_WARN_DOCUMENTATION_COMMENTS = YES;
				CLANG_WARN_EMPTY_BODY = YES;
				CLANG_WARN_ENUM_CONVERSION = YES;
				CLANG_WARN_INFINITE_RECURSION = YES;
				CLANG_WARN_INT_CONVERSION = YES;
				CLANG_WARN_NON_LITERAL_NULL_CONVERSION = YES;
				CLANG_WARN_OBJC_IMPLICIT_RETAIN_SELF = YES;
				CLANG_WARN_OBJC_LITERAL_CONVERSION = YES;
				CLANG_WARN_OBJC_ROOT_CLASS = YES_ERROR;
				CLANG_WARN_QUOTED_INCLUDE_IN_FRAMEWORK_HEADER = YES;
				CLANG_WARN_RANGE_LOOP_ANALYSIS = YES;
				CLANG_WARN_STRICT_PROTOTYPES = YES;
				CLANG_WARN_SUSPICIOUS_MOVE = YES;
				CLANG_WARN_UNGUARDED_AVAILABILITY = YES_AGGRESSIVE;
				CLANG_WARN_UNREACHABLE_CODE = YES;
				CLANG_WARN__DUPLICATE_METHOD_MATCH = YES;
				COPY_PHASE_STRIP = NO;
				DEBUG_INFORMATION_FORMAT = "dwarf-with-dsym";
				ENABLE_NS_ASSERTIONS = NO;
				ENABLE_STRICT_OBJC_MSGSEND = YES;
				GCC_C_LANGUAGE_STANDARD = gnu11;
				GCC_NO_COMMON_BLOCKS = YES;
				GCC_WARN_64_TO_32_BIT_CONVERSION = YES;
				GCC_WARN_ABOUT_RETURN_TYPE = YES_ERROR;
				GCC_WARN_UNDECLARED_SELECTOR = YES;
				GCC_WARN_UNINITIALIZED_AUTOS = YES_AGGRESSIVE;
				GCC_WARN_UNUSED_FUNCTION = YES;
				GCC_WARN_UNUSED_VARIABLE = YES;
				IPHONEOS_DEPLOYMENT_TARGET = 15.2;
				MTL_ENABLE_DEBUG_INFO = NO;
				MTL_FAST_MATH = YES;
				SDKROOT = iphoneos;
				SWIFT_COMPILATION_MODE = wholemodule;
				SWIFT_EMIT_LOC_STRINGS = YES;
				SWIFT_OPTIMIZATION_LEVEL = "-O";
				VALIDATE_PRODUCT = YES;
			};
			name = Release;
		};
		470C393727F60695009C1967 /* Debug */ = {
			isa = XCBuildConfiguration;
			buildSettings = {
				ASSETCATALOG_COMPILER_APPICON_NAME = AppIcon;
				ASSETCATALOG_COMPILER_GLOBAL_ACCENT_COLOR_NAME = AccentColor;
				CODE_SIGN_ENTITLEMENTS = BetterShoppingList/BetterShoppingList.entitlements;
				CODE_SIGN_STYLE = Automatic;
				CURRENT_PROJECT_VERSION = 1;
				DEVELOPMENT_ASSET_PATHS = "\"BetterShoppingList/Preview Content\"";
				DEVELOPMENT_TEAM = Q74977A756;
				ENABLE_PREVIEWS = YES;
				GENERATE_INFOPLIST_FILE = YES;
				INFOPLIST_FILE = BetterShoppingList/Info.plist;
				INFOPLIST_KEY_NSLocationWhenInUseUsageDescription = "Enable location services, please";
				INFOPLIST_KEY_UIApplicationSceneManifest_Generation = YES;
				INFOPLIST_KEY_UIApplicationSupportsIndirectInputEvents = YES;
				INFOPLIST_KEY_UILaunchScreen_Generation = YES;
				INFOPLIST_KEY_UISupportedInterfaceOrientations_iPad = "UIInterfaceOrientationPortrait UIInterfaceOrientationPortraitUpsideDown UIInterfaceOrientationLandscapeLeft UIInterfaceOrientationLandscapeRight";
				INFOPLIST_KEY_UISupportedInterfaceOrientations_iPhone = "UIInterfaceOrientationPortrait UIInterfaceOrientationLandscapeLeft UIInterfaceOrientationLandscapeRight";
				LD_RUNPATH_SEARCH_PATHS = (
					"$(inherited)",
					"@executable_path/Frameworks",
				);
				MARKETING_VERSION = 1.0;
				PRODUCT_BUNDLE_IDENTIFIER = name.xaviaracil.BetterShoppingList;
				PRODUCT_NAME = "$(TARGET_NAME)";
				SWIFT_EMIT_LOC_STRINGS = YES;
				SWIFT_VERSION = 5.0;
				TARGETED_DEVICE_FAMILY = "1,2";
			};
			name = Debug;
		};
		470C393827F60695009C1967 /* Release */ = {
			isa = XCBuildConfiguration;
			buildSettings = {
				ASSETCATALOG_COMPILER_APPICON_NAME = AppIcon;
				ASSETCATALOG_COMPILER_GLOBAL_ACCENT_COLOR_NAME = AccentColor;
				CODE_SIGN_ENTITLEMENTS = BetterShoppingList/BetterShoppingList.entitlements;
				CODE_SIGN_STYLE = Automatic;
				CURRENT_PROJECT_VERSION = 1;
				DEVELOPMENT_ASSET_PATHS = "\"BetterShoppingList/Preview Content\"";
				DEVELOPMENT_TEAM = Q74977A756;
				ENABLE_PREVIEWS = YES;
				GENERATE_INFOPLIST_FILE = YES;
				INFOPLIST_FILE = BetterShoppingList/Info.plist;
				INFOPLIST_KEY_NSLocationWhenInUseUsageDescription = "Enable location services, please";
				INFOPLIST_KEY_UIApplicationSceneManifest_Generation = YES;
				INFOPLIST_KEY_UIApplicationSupportsIndirectInputEvents = YES;
				INFOPLIST_KEY_UILaunchScreen_Generation = YES;
				INFOPLIST_KEY_UISupportedInterfaceOrientations_iPad = "UIInterfaceOrientationPortrait UIInterfaceOrientationPortraitUpsideDown UIInterfaceOrientationLandscapeLeft UIInterfaceOrientationLandscapeRight";
				INFOPLIST_KEY_UISupportedInterfaceOrientations_iPhone = "UIInterfaceOrientationPortrait UIInterfaceOrientationLandscapeLeft UIInterfaceOrientationLandscapeRight";
				LD_RUNPATH_SEARCH_PATHS = (
					"$(inherited)",
					"@executable_path/Frameworks",
				);
				MARKETING_VERSION = 1.0;
				PRODUCT_BUNDLE_IDENTIFIER = name.xaviaracil.BetterShoppingList;
				PRODUCT_NAME = "$(TARGET_NAME)";
				SWIFT_EMIT_LOC_STRINGS = YES;
				SWIFT_VERSION = 5.0;
				TARGETED_DEVICE_FAMILY = "1,2";
			};
			name = Release;
		};
		470C393A27F60695009C1967 /* Debug */ = {
			isa = XCBuildConfiguration;
			buildSettings = {
				ALWAYS_EMBED_SWIFT_STANDARD_LIBRARIES = YES;
				BUNDLE_LOADER = "$(TEST_HOST)";
				CODE_SIGN_STYLE = Automatic;
				CURRENT_PROJECT_VERSION = 1;
				DEVELOPMENT_TEAM = Q74977A756;
				GENERATE_INFOPLIST_FILE = YES;
				IPHONEOS_DEPLOYMENT_TARGET = 15.2;
				MARKETING_VERSION = 1.0;
				PRODUCT_BUNDLE_IDENTIFIER = name.xaviaracil.BetterShoppingListTests;
				PRODUCT_NAME = "$(TARGET_NAME)";
				SWIFT_EMIT_LOC_STRINGS = NO;
				SWIFT_VERSION = 5.0;
				TARGETED_DEVICE_FAMILY = "1,2";
				TEST_HOST = "$(BUILT_PRODUCTS_DIR)/BetterShoppingList.app/BetterShoppingList";
			};
			name = Debug;
		};
		470C393B27F60695009C1967 /* Release */ = {
			isa = XCBuildConfiguration;
			buildSettings = {
				ALWAYS_EMBED_SWIFT_STANDARD_LIBRARIES = YES;
				BUNDLE_LOADER = "$(TEST_HOST)";
				CODE_SIGN_STYLE = Automatic;
				CURRENT_PROJECT_VERSION = 1;
				DEVELOPMENT_TEAM = Q74977A756;
				GENERATE_INFOPLIST_FILE = YES;
				IPHONEOS_DEPLOYMENT_TARGET = 15.2;
				MARKETING_VERSION = 1.0;
				PRODUCT_BUNDLE_IDENTIFIER = name.xaviaracil.BetterShoppingListTests;
				PRODUCT_NAME = "$(TARGET_NAME)";
				SWIFT_EMIT_LOC_STRINGS = NO;
				SWIFT_VERSION = 5.0;
				TARGETED_DEVICE_FAMILY = "1,2";
				TEST_HOST = "$(BUILT_PRODUCTS_DIR)/BetterShoppingList.app/BetterShoppingList";
			};
			name = Release;
		};
		470C393D27F60695009C1967 /* Debug */ = {
			isa = XCBuildConfiguration;
			buildSettings = {
				ALWAYS_EMBED_SWIFT_STANDARD_LIBRARIES = YES;
				CODE_SIGN_STYLE = Automatic;
				CURRENT_PROJECT_VERSION = 1;
				DEVELOPMENT_TEAM = Q74977A756;
				GENERATE_INFOPLIST_FILE = YES;
				MARKETING_VERSION = 1.0;
				PRODUCT_BUNDLE_IDENTIFIER = name.xaviaracil.BetterShoppingListUITests;
				PRODUCT_NAME = "$(TARGET_NAME)";
				SWIFT_EMIT_LOC_STRINGS = NO;
				SWIFT_VERSION = 5.0;
				TARGETED_DEVICE_FAMILY = "1,2";
				TEST_TARGET_NAME = BetterShoppingList;
			};
			name = Debug;
		};
		470C393E27F60695009C1967 /* Release */ = {
			isa = XCBuildConfiguration;
			buildSettings = {
				ALWAYS_EMBED_SWIFT_STANDARD_LIBRARIES = YES;
				CODE_SIGN_STYLE = Automatic;
				CURRENT_PROJECT_VERSION = 1;
				DEVELOPMENT_TEAM = Q74977A756;
				GENERATE_INFOPLIST_FILE = YES;
				MARKETING_VERSION = 1.0;
				PRODUCT_BUNDLE_IDENTIFIER = name.xaviaracil.BetterShoppingListUITests;
				PRODUCT_NAME = "$(TARGET_NAME)";
				SWIFT_EMIT_LOC_STRINGS = NO;
				SWIFT_VERSION = 5.0;
				TARGETED_DEVICE_FAMILY = "1,2";
				TEST_TARGET_NAME = BetterShoppingList;
			};
			name = Release;
		};
/* End XCBuildConfiguration section */

/* Begin XCConfigurationList section */
		470C390827F60694009C1967 /* Build configuration list for PBXProject "BetterShoppingList" */ = {
			isa = XCConfigurationList;
			buildConfigurations = (
				470C393427F60695009C1967 /* Debug */,
				470C393527F60695009C1967 /* Release */,
			);
			defaultConfigurationIsVisible = 0;
			defaultConfigurationName = Release;
		};
		470C393627F60695009C1967 /* Build configuration list for PBXNativeTarget "BetterShoppingList" */ = {
			isa = XCConfigurationList;
			buildConfigurations = (
				470C393727F60695009C1967 /* Debug */,
				470C393827F60695009C1967 /* Release */,
			);
			defaultConfigurationIsVisible = 0;
			defaultConfigurationName = Release;
		};
		470C393927F60695009C1967 /* Build configuration list for PBXNativeTarget "BetterShoppingListTests" */ = {
			isa = XCConfigurationList;
			buildConfigurations = (
				470C393A27F60695009C1967 /* Debug */,
				470C393B27F60695009C1967 /* Release */,
			);
			defaultConfigurationIsVisible = 0;
			defaultConfigurationName = Release;
		};
		470C393C27F60695009C1967 /* Build configuration list for PBXNativeTarget "BetterShoppingListUITests" */ = {
			isa = XCConfigurationList;
			buildConfigurations = (
				470C393D27F60695009C1967 /* Debug */,
				470C393E27F60695009C1967 /* Release */,
			);
			defaultConfigurationIsVisible = 0;
			defaultConfigurationName = Release;
		};
/* End XCConfigurationList section */

/* Begin XCRemoteSwiftPackageReference section */
		4701904427FC182500488534 /* XCRemoteSwiftPackageReference "swift-algorithms" */ = {
			isa = XCRemoteSwiftPackageReference;
			repositoryURL = "https://github.com/apple/swift-algorithms.git";
			requirement = {
				kind = upToNextMajorVersion;
				minimumVersion = 1.0.0;
			};
		};
		47C57DF027FB446D00A86D5A /* XCRemoteSwiftPackageReference "swift-collections" */ = {
			isa = XCRemoteSwiftPackageReference;
			repositoryURL = "https://github.com/apple/swift-collections.git";
			requirement = {
				kind = upToNextMajorVersion;
				minimumVersion = 1.0.0;
			};
		};
/* End XCRemoteSwiftPackageReference section */

/* Begin XCSwiftPackageProductDependency section */
		4701904527FC182500488534 /* Algorithms */ = {
			isa = XCSwiftPackageProductDependency;
			package = 4701904427FC182500488534 /* XCRemoteSwiftPackageReference "swift-algorithms" */;
			productName = Algorithms;
		};
		47C57DF127FB446D00A86D5A /* Collections */ = {
			isa = XCSwiftPackageProductDependency;
			package = 47C57DF027FB446D00A86D5A /* XCRemoteSwiftPackageReference "swift-collections" */;
			productName = Collections;
		};
		47C57DF327FB446D00A86D5A /* OrderedCollections */ = {
			isa = XCSwiftPackageProductDependency;
			package = 47C57DF027FB446D00A86D5A /* XCRemoteSwiftPackageReference "swift-collections" */;
			productName = OrderedCollections;
		};
/* End XCSwiftPackageProductDependency section */

/* Begin XCVersionGroup section */
		470C394127F607D1009C1967 /* Model.xcdatamodeld */ = {
			isa = XCVersionGroup;
			children = (
				470C394227F607D1009C1967 /* Model.xcdatamodel */,
			);
			currentVersion = 470C394227F607D1009C1967 /* Model.xcdatamodel */;
			path = Model.xcdatamodeld;
			sourceTree = "<group>";
			versionGroupType = wrapper.xcdatamodel;
		};
/* End XCVersionGroup section */
	};
	rootObject = 470C390527F60694009C1967 /* Project object */;
}
