// !$*UTF8*$!
{
	archiveVersion = 1;
	classes = {
	};
	objectVersion = 55;
	objects = {

/* Begin PBXBuildFile section */
		470C391127F60694009C1967 /* BetterShoppingListApp.swift in Sources */ = {isa = PBXBuildFile; fileRef = 470C391027F60694009C1967 /* BetterShoppingListApp.swift */; };
		470C391327F60694009C1967 /* ContentView.swift in Sources */ = {isa = PBXBuildFile; fileRef = 470C391227F60694009C1967 /* ContentView.swift */; };
		470C391527F60695009C1967 /* Assets.xcassets in Resources */ = {isa = PBXBuildFile; fileRef = 470C391427F60695009C1967 /* Assets.xcassets */; };
		470C391827F60695009C1967 /* Preview Assets.xcassets in Resources */ = {isa = PBXBuildFile; fileRef = 470C391727F60695009C1967 /* Preview Assets.xcassets */; };
		470C391A27F60695009C1967 /* Persistence.swift in Sources */ = {isa = PBXBuildFile; fileRef = 470C391927F60695009C1967 /* Persistence.swift */; };
		470C391D27F60695009C1967 /* BetterShoppingList.xcdatamodeld in Sources */ = {isa = PBXBuildFile; fileRef = 470C391B27F60695009C1967 /* BetterShoppingList.xcdatamodeld */; };
		470C392727F60695009C1967 /* BetterShoppingListTests.swift in Sources */ = {isa = PBXBuildFile; fileRef = 470C392627F60695009C1967 /* BetterShoppingListTests.swift */; };
		470C393127F60695009C1967 /* BetterShoppingListUITests.swift in Sources */ = {isa = PBXBuildFile; fileRef = 470C393027F60695009C1967 /* BetterShoppingListUITests.swift */; };
		470C393327F60695009C1967 /* BetterShoppingListUITestsLaunchTests.swift in Sources */ = {isa = PBXBuildFile; fileRef = 470C393227F60695009C1967 /* BetterShoppingListUITestsLaunchTests.swift */; };
/* End PBXBuildFile section */

/* Begin PBXContainerItemProxy section */
		470C392327F60695009C1967 /* PBXContainerItemProxy */ = {
			isa = PBXContainerItemProxy;
			containerPortal = 470C390527F60694009C1967 /* Project object */;
			proxyType = 1;
			remoteGlobalIDString = 470C390C27F60694009C1967;
			remoteInfo = BetterShoppingList;
		};
		470C392D27F60695009C1967 /* PBXContainerItemProxy */ = {
			isa = PBXContainerItemProxy;
			containerPortal = 470C390527F60694009C1967 /* Project object */;
			proxyType = 1;
			remoteGlobalIDString = 470C390C27F60694009C1967;
			remoteInfo = BetterShoppingList;
		};
/* End PBXContainerItemProxy section */

/* Begin PBXFileReference section */
		470C390D27F60694009C1967 /* BetterShoppingList.app */ = {isa = PBXFileReference; explicitFileType = wrapper.application; includeInIndex = 0; path = BetterShoppingList.app; sourceTree = BUILT_PRODUCTS_DIR; };
		470C391027F60694009C1967 /* BetterShoppingListApp.swift */ = {isa = PBXFileReference; lastKnownFileType = sourcecode.swift; path = BetterShoppingListApp.swift; sourceTree = "<group>"; };
		470C391227F60694009C1967 /* ContentView.swift */ = {isa = PBXFileReference; lastKnownFileType = sourcecode.swift; path = ContentView.swift; sourceTree = "<group>"; };
		470C391427F60695009C1967 /* Assets.xcassets */ = {isa = PBXFileReference; lastKnownFileType = folder.assetcatalog; path = Assets.xcassets; sourceTree = "<group>"; };
		470C391727F60695009C1967 /* Preview Assets.xcassets */ = {isa = PBXFileReference; lastKnownFileType = folder.assetcatalog; path = "Preview Assets.xcassets"; sourceTree = "<group>"; };
		470C391927F60695009C1967 /* Persistence.swift */ = {isa = PBXFileReference; lastKnownFileType = sourcecode.swift; path = Persistence.swift; sourceTree = "<group>"; };
		470C391C27F60695009C1967 /* BetterShoppingList.xcdatamodel */ = {isa = PBXFileReference; lastKnownFileType = wrapper.xcdatamodel; path = BetterShoppingList.xcdatamodel; sourceTree = "<group>"; };
		470C392227F60695009C1967 /* BetterShoppingListTests.xctest */ = {isa = PBXFileReference; explicitFileType = wrapper.cfbundle; includeInIndex = 0; path = BetterShoppingListTests.xctest; sourceTree = BUILT_PRODUCTS_DIR; };
		470C392627F60695009C1967 /* BetterShoppingListTests.swift */ = {isa = PBXFileReference; lastKnownFileType = sourcecode.swift; path = BetterShoppingListTests.swift; sourceTree = "<group>"; };
		470C392C27F60695009C1967 /* BetterShoppingListUITests.xctest */ = {isa = PBXFileReference; explicitFileType = wrapper.cfbundle; includeInIndex = 0; path = BetterShoppingListUITests.xctest; sourceTree = BUILT_PRODUCTS_DIR; };
		470C393027F60695009C1967 /* BetterShoppingListUITests.swift */ = {isa = PBXFileReference; lastKnownFileType = sourcecode.swift; path = BetterShoppingListUITests.swift; sourceTree = "<group>"; };
		470C393227F60695009C1967 /* BetterShoppingListUITestsLaunchTests.swift */ = {isa = PBXFileReference; lastKnownFileType = sourcecode.swift; path = BetterShoppingListUITestsLaunchTests.swift; sourceTree = "<group>"; };
/* End PBXFileReference section */

/* Begin PBXFrameworksBuildPhase section */
		470C390A27F60694009C1967 /* Frameworks */ = {
			isa = PBXFrameworksBuildPhase;
			buildActionMask = 2147483647;
			files = (
			);
			runOnlyForDeploymentPostprocessing = 0;
		};
		470C391F27F60695009C1967 /* Frameworks */ = {
			isa = PBXFrameworksBuildPhase;
			buildActionMask = 2147483647;
			files = (
			);
			runOnlyForDeploymentPostprocessing = 0;
		};
		470C392927F60695009C1967 /* Frameworks */ = {
			isa = PBXFrameworksBuildPhase;
			buildActionMask = 2147483647;
			files = (
			);
			runOnlyForDeploymentPostprocessing = 0;
		};
/* End PBXFrameworksBuildPhase section */

/* Begin PBXGroup section */
		470C390427F60694009C1967 = {
			isa = PBXGroup;
			children = (
				470C390F27F60694009C1967 /* BetterShoppingList */,
				470C392527F60695009C1967 /* BetterShoppingListTests */,
				470C392F27F60695009C1967 /* BetterShoppingListUITests */,
				470C390E27F60694009C1967 /* Products */,
			);
			sourceTree = "<group>";
		};
		470C390E27F60694009C1967 /* Products */ = {
			isa = PBXGroup;
			children = (
				470C390D27F60694009C1967 /* BetterShoppingList.app */,
				470C392227F60695009C1967 /* BetterShoppingListTests.xctest */,
				470C392C27F60695009C1967 /* BetterShoppingListUITests.xctest */,
			);
			name = Products;
			sourceTree = "<group>";
		};
		470C390F27F60694009C1967 /* BetterShoppingList */ = {
			isa = PBXGroup;
			children = (
				470C391027F60694009C1967 /* BetterShoppingListApp.swift */,
				470C391227F60694009C1967 /* ContentView.swift */,
				470C391427F60695009C1967 /* Assets.xcassets */,
				470C391927F60695009C1967 /* Persistence.swift */,
				470C391B27F60695009C1967 /* BetterShoppingList.xcdatamodeld */,
				470C391627F60695009C1967 /* Preview Content */,
			);
			path = BetterShoppingList;
			sourceTree = "<group>";
		};
		470C391627F60695009C1967 /* Preview Content */ = {
			isa = PBXGroup;
			children = (
				470C391727F60695009C1967 /* Preview Assets.xcassets */,
			);
			path = "Preview Content";
			sourceTree = "<group>";
		};
		470C392527F60695009C1967 /* BetterShoppingListTests */ = {
			isa = PBXGroup;
			children = (
				470C392627F60695009C1967 /* BetterShoppingListTests.swift */,
			);
			path = BetterShoppingListTests;
			sourceTree = "<group>";
		};
		470C392F27F60695009C1967 /* BetterShoppingListUITests */ = {
			isa = PBXGroup;
			children = (
				470C393027F60695009C1967 /* BetterShoppingListUITests.swift */,
				470C393227F60695009C1967 /* BetterShoppingListUITestsLaunchTests.swift */,
			);
			path = BetterShoppingListUITests;
			sourceTree = "<group>";
		};
/* End PBXGroup section */

/* Begin PBXNativeTarget section */
		470C390C27F60694009C1967 /* BetterShoppingList */ = {
			isa = PBXNativeTarget;
			buildConfigurationList = 470C393627F60695009C1967 /* Build configuration list for PBXNativeTarget "BetterShoppingList" */;
			buildPhases = (
				470C390927F60694009C1967 /* Sources */,
				470C390A27F60694009C1967 /* Frameworks */,
				470C390B27F60694009C1967 /* Resources */,
			);
			buildRules = (
			);
			dependencies = (
			);
			name = BetterShoppingList;
			productName = BetterShoppingList;
			productReference = 470C390D27F60694009C1967 /* BetterShoppingList.app */;
			productType = "com.apple.product-type.application";
		};
		470C392127F60695009C1967 /* BetterShoppingListTests */ = {
			isa = PBXNativeTarget;
			buildConfigurationList = 470C393927F60695009C1967 /* Build configuration list for PBXNativeTarget "BetterShoppingListTests" */;
			buildPhases = (
				470C391E27F60695009C1967 /* Sources */,
				470C391F27F60695009C1967 /* Frameworks */,
				470C392027F60695009C1967 /* Resources */,
			);
			buildRules = (
			);
			dependencies = (
				470C392427F60695009C1967 /* PBXTargetDependency */,
			);
			name = BetterShoppingListTests;
			productName = BetterShoppingListTests;
			productReference = 470C392227F60695009C1967 /* BetterShoppingListTests.xctest */;
			productType = "com.apple.product-type.bundle.unit-test";
		};
		470C392B27F60695009C1967 /* BetterShoppingListUITests */ = {
			isa = PBXNativeTarget;
			buildConfigurationList = 470C393C27F60695009C1967 /* Build configuration list for PBXNativeTarget "BetterShoppingListUITests" */;
			buildPhases = (
				470C392827F60695009C1967 /* Sources */,
				470C392927F60695009C1967 /* Frameworks */,
				470C392A27F60695009C1967 /* Resources */,
			);
			buildRules = (
			);
			dependencies = (
				470C392E27F60695009C1967 /* PBXTargetDependency */,
			);
			name = BetterShoppingListUITests;
			productName = BetterShoppingListUITests;
			productReference = 470C392C27F60695009C1967 /* BetterShoppingListUITests.xctest */;
			productType = "com.apple.product-type.bundle.ui-testing";
		};
/* End PBXNativeTarget section */

/* Begin PBXProject section */
		470C390527F60694009C1967 /* Project object */ = {
			isa = PBXProject;
			attributes = {
				BuildIndependentTargetsInParallel = 1;
				LastSwiftUpdateCheck = 1320;
				LastUpgradeCheck = 1320;
				TargetAttributes = {
					470C390C27F60694009C1967 = {
						CreatedOnToolsVersion = 13.2.1;
					};
					470C392127F60695009C1967 = {
						CreatedOnToolsVersion = 13.2.1;
						TestTargetID = 470C390C27F60694009C1967;
					};
					470C392B27F60695009C1967 = {
						CreatedOnToolsVersion = 13.2.1;
						TestTargetID = 470C390C27F60694009C1967;
					};
				};
			};
			buildConfigurationList = 470C390827F60694009C1967 /* Build configuration list for PBXProject "BetterShoppingList" */;
			compatibilityVersion = "Xcode 13.0";
			developmentRegion = en;
			hasScannedForEncodings = 0;
			knownRegions = (
				en,
				Base,
			);
			mainGroup = 470C390427F60694009C1967;
			productRefGroup = 470C390E27F60694009C1967 /* Products */;
			projectDirPath = "";
			projectRoot = "";
			targets = (
				470C390C27F60694009C1967 /* BetterShoppingList */,
				470C392127F60695009C1967 /* BetterShoppingListTests */,
				470C392B27F60695009C1967 /* BetterShoppingListUITests */,
			);
		};
/* End PBXProject section */

/* Begin PBXResourcesBuildPhase section */
		470C390B27F60694009C1967 /* Resources */ = {
			isa = PBXResourcesBuildPhase;
			buildActionMask = 2147483647;
			files = (
				470C391827F60695009C1967 /* Preview Assets.xcassets in Resources */,
				470C391527F60695009C1967 /* Assets.xcassets in Resources */,
			);
			runOnlyForDeploymentPostprocessing = 0;
		};
		470C392027F60695009C1967 /* Resources */ = {
			isa = PBXResourcesBuildPhase;
			buildActionMask = 2147483647;
			files = (
			);
			runOnlyForDeploymentPostprocessing = 0;
		};
		470C392A27F60695009C1967 /* Resources */ = {
			isa = PBXResourcesBuildPhase;
			buildActionMask = 2147483647;
			files = (
			);
			runOnlyForDeploymentPostprocessing = 0;
		};
/* End PBXResourcesBuildPhase section */

/* Begin PBXSourcesBuildPhase section */
		470C390927F60694009C1967 /* Sources */ = {
			isa = PBXSourcesBuildPhase;
			buildActionMask = 2147483647;
			files = (
				470C391A27F60695009C1967 /* Persistence.swift in Sources */,
				470C391D27F60695009C1967 /* BetterShoppingList.xcdatamodeld in Sources */,
				470C391327F60694009C1967 /* ContentView.swift in Sources */,
				470C391127F60694009C1967 /* BetterShoppingListApp.swift in Sources */,
			);
			runOnlyForDeploymentPostprocessing = 0;
		};
		470C391E27F60695009C1967 /* Sources */ = {
			isa = PBXSourcesBuildPhase;
			buildActionMask = 2147483647;
			files = (
				470C392727F60695009C1967 /* BetterShoppingListTests.swift in Sources */,
			);
			runOnlyForDeploymentPostprocessing = 0;
		};
		470C392827F60695009C1967 /* Sources */ = {
			isa = PBXSourcesBuildPhase;
			buildActionMask = 2147483647;
			files = (
				470C393327F60695009C1967 /* BetterShoppingListUITestsLaunchTests.swift in Sources */,
				470C393127F60695009C1967 /* BetterShoppingListUITests.swift in Sources */,
			);
			runOnlyForDeploymentPostprocessing = 0;
		};
/* End PBXSourcesBuildPhase section */

/* Begin PBXTargetDependency section */
		470C392427F60695009C1967 /* PBXTargetDependency */ = {
			isa = PBXTargetDependency;
			target = 470C390C27F60694009C1967 /* BetterShoppingList */;
			targetProxy = 470C392327F60695009C1967 /* PBXContainerItemProxy */;
		};
		470C392E27F60695009C1967 /* PBXTargetDependency */ = {
			isa = PBXTargetDependency;
			target = 470C390C27F60694009C1967 /* BetterShoppingList */;
			targetProxy = 470C392D27F60695009C1967 /* PBXContainerItemProxy */;
		};
/* End PBXTargetDependency section */

/* Begin XCBuildConfiguration section */
		470C393427F60695009C1967 /* Debug */ = {
			isa = XCBuildConfiguration;
			buildSettings = {
				ALWAYS_SEARCH_USER_PATHS = NO;
				CLANG_ANALYZER_NONNULL = YES;
				CLANG_ANALYZER_NUMBER_OBJECT_CONVERSION = YES_AGGRESSIVE;
				CLANG_CXX_LANGUAGE_STANDARD = "gnu++17";
				CLANG_CXX_LIBRARY = "libc++";
				CLANG_ENABLE_MODULES = YES;
				CLANG_ENABLE_OBJC_ARC = YES;
				CLANG_ENABLE_OBJC_WEAK = YES;
				CLANG_WARN_BLOCK_CAPTURE_AUTORELEASING = YES;
				CLANG_WARN_BOOL_CONVERSION = YES;
				CLANG_WARN_COMMA = YES;
				CLANG_WARN_CONSTANT_CONVERSION = YES;
				CLANG_WARN_DEPRECATED_OBJC_IMPLEMENTATIONS = YES;
				CLANG_WARN_DIRECT_OBJC_ISA_USAGE = YES_ERROR;
				CLANG_WARN_DOCUMENTATION_COMMENTS = YES;
				CLANG_WARN_EMPTY_BODY = YES;
				CLANG_WARN_ENUM_CONVERSION = YES;
				CLANG_WARN_INFINITE_RECURSION = YES;
				CLANG_WARN_INT_CONVERSION = YES;
				CLANG_WARN_NON_LITERAL_NULL_CONVERSION = YES;
				CLANG_WARN_OBJC_IMPLICIT_RETAIN_SELF = YES;
				CLANG_WARN_OBJC_LITERAL_CONVERSION = YES;
				CLANG_WARN_OBJC_ROOT_CLASS = YES_ERROR;
				CLANG_WARN_QUOTED_INCLUDE_IN_FRAMEWORK_HEADER = YES;
				CLANG_WARN_RANGE_LOOP_ANALYSIS = YES;
				CLANG_WARN_STRICT_PROTOTYPES = YES;
				CLANG_WARN_SUSPICIOUS_MOVE = YES;
				CLANG_WARN_UNGUARDED_AVAILABILITY = YES_AGGRESSIVE;
				CLANG_WARN_UNREACHABLE_CODE = YES;
				CLANG_WARN__DUPLICATE_METHOD_MATCH = YES;
				COPY_PHASE_STRIP = NO;
				DEBUG_INFORMATION_FORMAT = dwarf;
				ENABLE_STRICT_OBJC_MSGSEND = YES;
				ENABLE_TESTABILITY = YES;
				GCC_C_LANGUAGE_STANDARD = gnu11;
				GCC_DYNAMIC_NO_PIC = NO;
				GCC_NO_COMMON_BLOCKS = YES;
				GCC_OPTIMIZATION_LEVEL = 0;
				GCC_PREPROCESSOR_DEFINITIONS = (
					"DEBUG=1",
					"$(inherited)",
				);
				GCC_WARN_64_TO_32_BIT_CONVERSION = YES;
				GCC_WARN_ABOUT_RETURN_TYPE = YES_ERROR;
				GCC_WARN_UNDECLARED_SELECTOR = YES;
				GCC_WARN_UNINITIALIZED_AUTOS = YES_AGGRESSIVE;
				GCC_WARN_UNUSED_FUNCTION = YES;
				GCC_WARN_UNUSED_VARIABLE = YES;
				IPHONEOS_DEPLOYMENT_TARGET = 15.2;
				MTL_ENABLE_DEBUG_INFO = INCLUDE_SOURCE;
				MTL_FAST_MATH = YES;
				ONLY_ACTIVE_ARCH = YES;
				SDKROOT = iphoneos;
				SWIFT_ACTIVE_COMPILATION_CONDITIONS = DEBUG;
				SWIFT_OPTIMIZATION_LEVEL = "-Onone";
			};
			name = Debug;
		};
		470C393527F60695009C1967 /* Release */ = {
			isa = XCBuildConfiguration;
			buildSettings = {
				ALWAYS_SEARCH_USER_PATHS = NO;
				CLANG_ANALYZER_NONNULL = YES;
				CLANG_ANALYZER_NUMBER_OBJECT_CONVERSION = YES_AGGRESSIVE;
				CLANG_CXX_LANGUAGE_STANDARD = "gnu++17";
				CLANG_CXX_LIBRARY = "libc++";
				CLANG_ENABLE_MODULES = YES;
				CLANG_ENABLE_OBJC_ARC = YES;
				CLANG_ENABLE_OBJC_WEAK = YES;
				CLANG_WARN_BLOCK_CAPTURE_AUTORELEASING = YES;
				CLANG_WARN_BOOL_CONVERSION = YES;
				CLANG_WARN_COMMA = YES;
				CLANG_WARN_CONSTANT_CONVERSION = YES;
				CLANG_WARN_DEPRECATED_OBJC_IMPLEMENTATIONS = YES;
				CLANG_WARN_DIRECT_OBJC_ISA_USAGE = YES_ERROR;
				CLANG_WARN_DOCUMENTATION_COMMENTS = YES;
				CLANG_WARN_EMPTY_BODY = YES;
				CLANG_WARN_ENUM_CONVERSION = YES;
				CLANG_WARN_INFINITE_RECURSION = YES;
				CLANG_WARN_INT_CONVERSION = YES;
				CLANG_WARN_NON_LITERAL_NULL_CONVERSION = YES;
				CLANG_WARN_OBJC_IMPLICIT_RETAIN_SELF = YES;
				CLANG_WARN_OBJC_LITERAL_CONVERSION = YES;
				CLANG_WARN_OBJC_ROOT_CLASS = YES_ERROR;
				CLANG_WARN_QUOTED_INCLUDE_IN_FRAMEWORK_HEADER = YES;
				CLANG_WARN_RANGE_LOOP_ANALYSIS = YES;
				CLANG_WARN_STRICT_PROTOTYPES = YES;
				CLANG_WARN_SUSPICIOUS_MOVE = YES;
				CLANG_WARN_UNGUARDED_AVAILABILITY = YES_AGGRESSIVE;
				CLANG_WARN_UNREACHABLE_CODE = YES;
				CLANG_WARN__DUPLICATE_METHOD_MATCH = YES;
				COPY_PHASE_STRIP = NO;
				DEBUG_INFORMATION_FORMAT = "dwarf-with-dsym";
				ENABLE_NS_ASSERTIONS = NO;
				ENABLE_STRICT_OBJC_MSGSEND = YES;
				GCC_C_LANGUAGE_STANDARD = gnu11;
				GCC_NO_COMMON_BLOCKS = YES;
				GCC_WARN_64_TO_32_BIT_CONVERSION = YES;
				GCC_WARN_ABOUT_RETURN_TYPE = YES_ERROR;
				GCC_WARN_UNDECLARED_SELECTOR = YES;
				GCC_WARN_UNINITIALIZED_AUTOS = YES_AGGRESSIVE;
				GCC_WARN_UNUSED_FUNCTION = YES;
				GCC_WARN_UNUSED_VARIABLE = YES;
				IPHONEOS_DEPLOYMENT_TARGET = 15.2;
				MTL_ENABLE_DEBUG_INFO = NO;
				MTL_FAST_MATH = YES;
				SDKROOT = iphoneos;
				SWIFT_COMPILATION_MODE = wholemodule;
				SWIFT_OPTIMIZATION_LEVEL = "-O";
				VALIDATE_PRODUCT = YES;
			};
			name = Release;
		};
		470C393727F60695009C1967 /* Debug */ = {
			isa = XCBuildConfiguration;
			buildSettings = {
				ASSETCATALOG_COMPILER_APPICON_NAME = AppIcon;
				ASSETCATALOG_COMPILER_GLOBAL_ACCENT_COLOR_NAME = AccentColor;
				CODE_SIGN_STYLE = Automatic;
				CURRENT_PROJECT_VERSION = 1;
				DEVELOPMENT_ASSET_PATHS = "\"BetterShoppingList/Preview Content\"";
				DEVELOPMENT_TEAM = Q74977A756;
				ENABLE_PREVIEWS = YES;
				GENERATE_INFOPLIST_FILE = YES;
				INFOPLIST_KEY_UIApplicationSceneManifest_Generation = YES;
				INFOPLIST_KEY_UIApplicationSupportsIndirectInputEvents = YES;
				INFOPLIST_KEY_UILaunchScreen_Generation = YES;
				INFOPLIST_KEY_UISupportedInterfaceOrientations_iPad = "UIInterfaceOrientationPortrait UIInterfaceOrientationPortraitUpsideDown UIInterfaceOrientationLandscapeLeft UIInterfaceOrientationLandscapeRight";
				INFOPLIST_KEY_UISupportedInterfaceOrientations_iPhone = "UIInterfaceOrientationPortrait UIInterfaceOrientationLandscapeLeft UIInterfaceOrientationLandscapeRight";
				LD_RUNPATH_SEARCH_PATHS = (
					"$(inherited)",
					"@executable_path/Frameworks",
				);
				MARKETING_VERSION = 1.0;
				PRODUCT_BUNDLE_IDENTIFIER = name.xaviaracil.BetterShoppingList;
				PRODUCT_NAME = "$(TARGET_NAME)";
				SWIFT_EMIT_LOC_STRINGS = YES;
				SWIFT_VERSION = 5.0;
				TARGETED_DEVICE_FAMILY = "1,2";
			};
			name = Debug;
		};
		470C393827F60695009C1967 /* Release */ = {
			isa = XCBuildConfiguration;
			buildSettings = {
				ASSETCATALOG_COMPILER_APPICON_NAME = AppIcon;
				ASSETCATALOG_COMPILER_GLOBAL_ACCENT_COLOR_NAME = AccentColor;
				CODE_SIGN_STYLE = Automatic;
				CURRENT_PROJECT_VERSION = 1;
				DEVELOPMENT_ASSET_PATHS = "\"BetterShoppingList/Preview Content\"";
				DEVELOPMENT_TEAM = Q74977A756;
				ENABLE_PREVIEWS = YES;
				GENERATE_INFOPLIST_FILE = YES;
				INFOPLIST_KEY_UIApplicationSceneManifest_Generation = YES;
				INFOPLIST_KEY_UIApplicationSupportsIndirectInputEvents = YES;
				INFOPLIST_KEY_UILaunchScreen_Generation = YES;
				INFOPLIST_KEY_UISupportedInterfaceOrientations_iPad = "UIInterfaceOrientationPortrait UIInterfaceOrientationPortraitUpsideDown UIInterfaceOrientationLandscapeLeft UIInterfaceOrientationLandscapeRight";
				INFOPLIST_KEY_UISupportedInterfaceOrientations_iPhone = "UIInterfaceOrientationPortrait UIInterfaceOrientationLandscapeLeft UIInterfaceOrientationLandscapeRight";
				LD_RUNPATH_SEARCH_PATHS = (
					"$(inherited)",
					"@executable_path/Frameworks",
				);
				MARKETING_VERSION = 1.0;
				PRODUCT_BUNDLE_IDENTIFIER = name.xaviaracil.BetterShoppingList;
				PRODUCT_NAME = "$(TARGET_NAME)";
				SWIFT_EMIT_LOC_STRINGS = YES;
				SWIFT_VERSION = 5.0;
				TARGETED_DEVICE_FAMILY = "1,2";
			};
			name = Release;
		};
		470C393A27F60695009C1967 /* Debug */ = {
			isa = XCBuildConfiguration;
			buildSettings = {
				ALWAYS_EMBED_SWIFT_STANDARD_LIBRARIES = YES;
				BUNDLE_LOADER = "$(TEST_HOST)";
				CODE_SIGN_STYLE = Automatic;
				CURRENT_PROJECT_VERSION = 1;
				DEVELOPMENT_TEAM = Q74977A756;
				GENERATE_INFOPLIST_FILE = YES;
				IPHONEOS_DEPLOYMENT_TARGET = 15.2;
				MARKETING_VERSION = 1.0;
				PRODUCT_BUNDLE_IDENTIFIER = name.xaviaracil.BetterShoppingListTests;
				PRODUCT_NAME = "$(TARGET_NAME)";
				SWIFT_EMIT_LOC_STRINGS = NO;
				SWIFT_VERSION = 5.0;
				TARGETED_DEVICE_FAMILY = "1,2";
				TEST_HOST = "$(BUILT_PRODUCTS_DIR)/BetterShoppingList.app/BetterShoppingList";
			};
			name = Debug;
		};
		470C393B27F60695009C1967 /* Release */ = {
			isa = XCBuildConfiguration;
			buildSettings = {
				ALWAYS_EMBED_SWIFT_STANDARD_LIBRARIES = YES;
				BUNDLE_LOADER = "$(TEST_HOST)";
				CODE_SIGN_STYLE = Automatic;
				CURRENT_PROJECT_VERSION = 1;
				DEVELOPMENT_TEAM = Q74977A756;
				GENERATE_INFOPLIST_FILE = YES;
				IPHONEOS_DEPLOYMENT_TARGET = 15.2;
				MARKETING_VERSION = 1.0;
				PRODUCT_BUNDLE_IDENTIFIER = name.xaviaracil.BetterShoppingListTests;
				PRODUCT_NAME = "$(TARGET_NAME)";
				SWIFT_EMIT_LOC_STRINGS = NO;
				SWIFT_VERSION = 5.0;
				TARGETED_DEVICE_FAMILY = "1,2";
				TEST_HOST = "$(BUILT_PRODUCTS_DIR)/BetterShoppingList.app/BetterShoppingList";
			};
			name = Release;
		};
		470C393D27F60695009C1967 /* Debug */ = {
			isa = XCBuildConfiguration;
			buildSettings = {
				ALWAYS_EMBED_SWIFT_STANDARD_LIBRARIES = YES;
				CODE_SIGN_STYLE = Automatic;
				CURRENT_PROJECT_VERSION = 1;
				DEVELOPMENT_TEAM = Q74977A756;
				GENERATE_INFOPLIST_FILE = YES;
				MARKETING_VERSION = 1.0;
				PRODUCT_BUNDLE_IDENTIFIER = name.xaviaracil.BetterShoppingListUITests;
				PRODUCT_NAME = "$(TARGET_NAME)";
				SWIFT_EMIT_LOC_STRINGS = NO;
				SWIFT_VERSION = 5.0;
				TARGETED_DEVICE_FAMILY = "1,2";
				TEST_TARGET_NAME = BetterShoppingList;
			};
			name = Debug;
		};
		470C393E27F60695009C1967 /* Release */ = {
			isa = XCBuildConfiguration;
			buildSettings = {
				ALWAYS_EMBED_SWIFT_STANDARD_LIBRARIES = YES;
				CODE_SIGN_STYLE = Automatic;
				CURRENT_PROJECT_VERSION = 1;
				DEVELOPMENT_TEAM = Q74977A756;
				GENERATE_INFOPLIST_FILE = YES;
				MARKETING_VERSION = 1.0;
				PRODUCT_BUNDLE_IDENTIFIER = name.xaviaracil.BetterShoppingListUITests;
				PRODUCT_NAME = "$(TARGET_NAME)";
				SWIFT_EMIT_LOC_STRINGS = NO;
				SWIFT_VERSION = 5.0;
				TARGETED_DEVICE_FAMILY = "1,2";
				TEST_TARGET_NAME = BetterShoppingList;
			};
			name = Release;
		};
/* End XCBuildConfiguration section */

/* Begin XCConfigurationList section */
		470C390827F60694009C1967 /* Build configuration list for PBXProject "BetterShoppingList" */ = {
			isa = XCConfigurationList;
			buildConfigurations = (
				470C393427F60695009C1967 /* Debug */,
				470C393527F60695009C1967 /* Release */,
			);
			defaultConfigurationIsVisible = 0;
			defaultConfigurationName = Release;
		};
		470C393627F60695009C1967 /* Build configuration list for PBXNativeTarget "BetterShoppingList" */ = {
			isa = XCConfigurationList;
			buildConfigurations = (
				470C393727F60695009C1967 /* Debug */,
				470C393827F60695009C1967 /* Release */,
			);
			defaultConfigurationIsVisible = 0;
			defaultConfigurationName = Release;
		};
		470C393927F60695009C1967 /* Build configuration list for PBXNativeTarget "BetterShoppingListTests" */ = {
			isa = XCConfigurationList;
			buildConfigurations = (
				470C393A27F60695009C1967 /* Debug */,
				470C393B27F60695009C1967 /* Release */,
			);
			defaultConfigurationIsVisible = 0;
			defaultConfigurationName = Release;
		};
		470C393C27F60695009C1967 /* Build configuration list for PBXNativeTarget "BetterShoppingListUITests" */ = {
			isa = XCConfigurationList;
			buildConfigurations = (
				470C393D27F60695009C1967 /* Debug */,
				470C393E27F60695009C1967 /* Release */,
			);
			defaultConfigurationIsVisible = 0;
			defaultConfigurationName = Release;
		};
/* End XCConfigurationList section */

/* Begin XCVersionGroup section */
		470C391B27F60695009C1967 /* BetterShoppingList.xcdatamodeld */ = {
			isa = XCVersionGroup;
			children = (
				470C391C27F60695009C1967 /* BetterShoppingList.xcdatamodel */,
			);
			currentVersion = 470C391C27F60695009C1967 /* BetterShoppingList.xcdatamodel */;
			path = BetterShoppingList.xcdatamodeld;
			sourceTree = "<group>";
			versionGroupType = wrapper.xcdatamodel;
		};
/* End XCVersionGroup section */
	};
	rootObject = 470C390527F60694009C1967 /* Project object */;
}
